// !$*UTF8*$!
{
	archiveVersion = 1;
	classes = {
	};
	objectVersion = 46;
	objects = {

/* Begin PBXBuildFile section */
		0301CBFC1B0626900068A0E1 /* ECDDefaultTheme.css in Resources */ = {isa = PBXBuildFile; fileRef = 0301CBFB1B0626900068A0E1 /* ECDDefaultTheme.css */; };
		0301CC001B0634C50068A0E1 /* ECDLicenseViewController.m in Sources */ = {isa = PBXBuildFile; fileRef = 0301CBFE1B0634C50068A0E1 /* ECDLicenseViewController.m */; };
		0301CC011B0634C50068A0E1 /* ECDLicenseViewController.xib in Resources */ = {isa = PBXBuildFile; fileRef = 0301CBFF1B0634C50068A0E1 /* ECDLicenseViewController.xib */; };
		0301CC031B063C880068A0E1 /* ECDLicenses.txt in Resources */ = {isa = PBXBuildFile; fileRef = 0301CC021B063C880068A0E1 /* ECDLicenses.txt */; };
		03243FDC1A656FB300A4CE6D /* ECDNavigationController.m in Sources */ = {isa = PBXBuildFile; fileRef = 03243FDB1A656FB300A4CE6D /* ECDNavigationController.m */; };
		033A398C1AD579FC006B34B2 /* ECDLoginViewController.m in Sources */ = {isa = PBXBuildFile; fileRef = 033A39871AD579FC006B34B2 /* ECDLoginViewController.m */; };
		033A398D1AD579FC006B34B2 /* ECDLoginViewController.xib in Resources */ = {isa = PBXBuildFile; fileRef = 033A39881AD579FC006B34B2 /* ECDLoginViewController.xib */; };
		033A398E1AD579FC006B34B2 /* ECDRegisterViewController.m in Sources */ = {isa = PBXBuildFile; fileRef = 033A398A1AD579FC006B34B2 /* ECDRegisterViewController.m */; };
		033A398F1AD579FC006B34B2 /* ECDRegisterViewController.xib in Resources */ = {isa = PBXBuildFile; fileRef = 033A398B1AD579FC006B34B2 /* ECDRegisterViewController.xib */; };
		033ACB521A602CC00024F48F /* MainMenuConfig.json in Resources */ = {isa = PBXBuildFile; fileRef = 033ACB3E1A602CC00024F48F /* MainMenuConfig.json */; };
		033ACB531A602CC00024F48F /* ECDMainMenuViewController.m in Sources */ = {isa = PBXBuildFile; fileRef = 033ACB421A602CC00024F48F /* ECDMainMenuViewController.m */; };
		033ACB541A602CC00024F48F /* ECDMainMenuViewController.xib in Resources */ = {isa = PBXBuildFile; fileRef = 033ACB431A602CC00024F48F /* ECDMainMenuViewController.xib */; };
		033ACB551A602CC00024F48F /* ECDRootViewController.m in Sources */ = {isa = PBXBuildFile; fileRef = 033ACB451A602CC00024F48F /* ECDRootViewController.m */; };
		033ACB561A602CC00024F48F /* ECDRootViewController.xib in Resources */ = {isa = PBXBuildFile; fileRef = 033ACB461A602CC00024F48F /* ECDRootViewController.xib */; };
		033ACB571A602CC00024F48F /* ECDZoomViewController.m in Sources */ = {isa = PBXBuildFile; fileRef = 033ACB481A602CC00024F48F /* ECDZoomViewController.m */; };
		033ACB581A602CC00024F48F /* ECDZoomViewController.xib in Resources */ = {isa = PBXBuildFile; fileRef = 033ACB491A602CC00024F48F /* ECDZoomViewController.xib */; };
		033ACB591A602CC00024F48F /* ECDMainMenuTableViewCell.m in Sources */ = {isa = PBXBuildFile; fileRef = 033ACB4D1A602CC00024F48F /* ECDMainMenuTableViewCell.m */; };
		033ACB5A1A602CC00024F48F /* ECDMainMenuTableViewCell.xib in Resources */ = {isa = PBXBuildFile; fileRef = 033ACB4E1A602CC00024F48F /* ECDMainMenuTableViewCell.xib */; };
		033ACB5B1A602CC00024F48F /* ECDDefaultTheme.m in Sources */ = {isa = PBXBuildFile; fileRef = 033ACB511A602CC00024F48F /* ECDDefaultTheme.m */; };
		0368D77D1B3AEADC00985673 /* Localizable.strings in Resources */ = {isa = PBXBuildFile; fileRef = 0368D77A1B3AEAD800985673 /* Localizable.strings */; };
		03978F0D1A602B2D007793D6 /* main.m in Sources */ = {isa = PBXBuildFile; fileRef = 03978F0C1A602B2D007793D6 /* main.m */; };
		03978F101A602B2D007793D6 /* AppDelegate.m in Sources */ = {isa = PBXBuildFile; fileRef = 03978F0F1A602B2D007793D6 /* AppDelegate.m */; };
		03978F181A602B2D007793D6 /* Images.xcassets in Resources */ = {isa = PBXBuildFile; fileRef = 03978F171A602B2D007793D6 /* Images.xcassets */; };
		03978F1B1A602B2D007793D6 /* LaunchScreen.xib in Resources */ = {isa = PBXBuildFile; fileRef = 03978F191A602B2D007793D6 /* LaunchScreen.xib */; };
		03978F271A602B2D007793D6 /* EXPERTconnectDemoTests.m in Sources */ = {isa = PBXBuildFile; fileRef = 03978F261A602B2D007793D6 /* EXPERTconnectDemoTests.m */; };
		03CF885F1AD5B45E0064085E /* ECDSettingsViewController.m in Sources */ = {isa = PBXBuildFile; fileRef = 03CF885D1AD5B45E0064085E /* ECDSettingsViewController.m */; };
		03CF88601AD5B45E0064085E /* ECDSettingsViewController.xib in Resources */ = {isa = PBXBuildFile; fileRef = 03CF885E1AD5B45E0064085E /* ECDSettingsViewController.xib */; };
		03D452191AC1DB4C003607C4 /* AirshipConfig.plist in Resources */ = {isa = PBXBuildFile; fileRef = 03D452181AC1DB4C003607C4 /* AirshipConfig.plist */; };
		22CD2EEF1A840142003ED9E4 /* ECDSplashViewController.m in Sources */ = {isa = PBXBuildFile; fileRef = 22CD2EED1A840142003ED9E4 /* ECDSplashViewController.m */; };
		22CD2EF01A840142003ED9E4 /* ECDSplashViewController.xib in Resources */ = {isa = PBXBuildFile; fileRef = 22CD2EEE1A840142003ED9E4 /* ECDSplashViewController.xib */; };
		46222EFD1B72BF390096F2CB /* ECDAdHocFormsPicker.m in Sources */ = {isa = PBXBuildFile; fileRef = 46222EFC1B72BF390096F2CB /* ECDAdHocFormsPicker.m */; };
		462C19271B7BC3CF00E230B7 /* UserProfile.json in Resources */ = {isa = PBXBuildFile; fileRef = 462C19261B7BC3CF00E230B7 /* UserProfile.json */; };
		462E1DF11B7BD50800AFC62D /* ECDAPIConfigViewController.xib in Resources */ = {isa = PBXBuildFile; fileRef = 462E1DF01B7BD50800AFC62D /* ECDAPIConfigViewController.xib */; };
		462E1DF31B7BD52000AFC62D /* ECDAPIConfigViewController.m in Sources */ = {isa = PBXBuildFile; fileRef = 462E1DF21B7BD52000AFC62D /* ECDAPIConfigViewController.m */; };
		46368EC21B7107DE001AA48B /* ECDAdHocChatPicker.m in Sources */ = {isa = PBXBuildFile; fileRef = 46368EC11B7107DE001AA48B /* ECDAdHocChatPicker.m */; };
		46368EC41B714999001AA48B /* ECDAdHocAnswerEngineContextPicker.m in Sources */ = {isa = PBXBuildFile; fileRef = 46368EC31B714999001AA48B /* ECDAdHocAnswerEngineContextPicker.m */; };
		4643F6131B73E27400F0AF7E /* ECDAdHocVoiceCallbackPicker.m in Sources */ = {isa = PBXBuildFile; fileRef = 4643F6121B73E27400F0AF7E /* ECDAdHocVoiceCallbackPicker.m */; };
		4643F6151B73E4B600F0AF7E /* ECDAdHocWebPagePicker.m in Sources */ = {isa = PBXBuildFile; fileRef = 4643F6141B73E4B600F0AF7E /* ECDAdHocWebPagePicker.m */; };
		466A7EFD1B6FCB8300A48DAC /* ECDAdHocViewController.xib in Resources */ = {isa = PBXBuildFile; fileRef = 466A7EFC1B6FCB8300A48DAC /* ECDAdHocViewController.xib */; };
		466A7F001B6FCC5A00A48DAC /* ECDAdHocViewController.m in Sources */ = {isa = PBXBuildFile; fileRef = 466A7EFF1B6FCC5A00A48DAC /* ECDAdHocViewController.m */; };
		467257F41B7E5CF40091BE51 /* ECDAdHocFormsController.xib in Resources */ = {isa = PBXBuildFile; fileRef = 467257F31B7E5CF40091BE51 /* ECDAdHocFormsController.xib */; };
		467257F61B7E5D0D0091BE51 /* ECDAdHocFormsController.m in Sources */ = {isa = PBXBuildFile; fileRef = 467257F51B7E5D0D0091BE51 /* ECDAdHocFormsController.m */; };
		4679BD981B7A525C002E2D9E /* ECDExtendedUserProfileViewController.xib in Resources */ = {isa = PBXBuildFile; fileRef = 4679BD971B7A525C002E2D9E /* ECDExtendedUserProfileViewController.xib */; };
		4679BD9B1B7A528E002E2D9E /* ECDExtendedUserProfileViewController.m in Sources */ = {isa = PBXBuildFile; fileRef = 4679BD9A1B7A528E002E2D9E /* ECDExtendedUserProfileViewController.m */; };
		4695C37C1B5D802F00C95878 /* ECDLocalization.m in Sources */ = {isa = PBXBuildFile; fileRef = 4695C37B1B5D802F00C95878 /* ECDLocalization.m */; };
		46BA32F81B604E7D00E5C270 /* ECDEnvironmentPicker.m in Sources */ = {isa = PBXBuildFile; fileRef = 46BA32F71B604E7D00E5C270 /* ECDEnvironmentPicker.m */; };
		46BA32FB1B6055A500E5C270 /* ECDRunModePicker.m in Sources */ = {isa = PBXBuildFile; fileRef = 46BA32FA1B6055A500E5C270 /* ECDRunModePicker.m */; };
		46BA32FE1B60564C00E5C270 /* ECDUIPicker.m in Sources */ = {isa = PBXBuildFile; fileRef = 46BA32FD1B60564C00E5C270 /* ECDUIPicker.m */; };
		9F5B9BAB1AF2C3FE002770C0 /* Settings.bundle in Resources */ = {isa = PBXBuildFile; fileRef = 9F5B9BAA1AF2C3FE002770C0 /* Settings.bundle */; };
		C1D2E5021C185BC400678FB5 /* ECDCustomizeThemeViewController.m in Sources */ = {isa = PBXBuildFile; fileRef = C1D2E5001C185BC300678FB5 /* ECDCustomizeThemeViewController.m */; };
		C1D2E5031C185BC400678FB5 /* ECDCustomizeThemeViewController.xib in Resources */ = {isa = PBXBuildFile; fileRef = C1D2E5011C185BC300678FB5 /* ECDCustomizeThemeViewController.xib */; };
		C1DBB4FD1BE88F8F00A61B61 /* ECDWorkflowViewController.m in Sources */ = {isa = PBXBuildFile; fileRef = C1DBB4FB1BE88F8F00A61B61 /* ECDWorkflowViewController.m */; };
		C1DBB4FE1BE88F8F00A61B61 /* ECDWorkflowViewController.xib in Resources */ = {isa = PBXBuildFile; fileRef = C1DBB4FC1BE88F8F00A61B61 /* ECDWorkflowViewController.xib */; };
		C1E0E6351BC409ED0089C7E6 /* ECDCalendarViewController.m in Sources */ = {isa = PBXBuildFile; fileRef = C1E0E6331BC409ED0089C7E6 /* ECDCalendarViewController.m */; };
		C1E0E6361BC409ED0089C7E6 /* ECDCalendarViewController.xib in Resources */ = {isa = PBXBuildFile; fileRef = C1E0E6341BC409ED0089C7E6 /* ECDCalendarViewController.xib */; };
		C1E99D071BC7C7A6000EC129 /* ECDTextEditorViewController.m in Sources */ = {isa = PBXBuildFile; fileRef = C1E99D061BC7C7A6000EC129 /* ECDTextEditorViewController.m */; };
		C44388831D0B555000F42A7A /* ECDChatConfigVC.m in Sources */ = {isa = PBXBuildFile; fileRef = C44388811D0B555000F42A7A /* ECDChatConfigVC.m */; };
		C44388841D0B555000F42A7A /* ECDChatConfigVC.xib in Resources */ = {isa = PBXBuildFile; fileRef = C44388821D0B555000F42A7A /* ECDChatConfigVC.xib */; };
		C45AC0441C206FCC00625004 /* ECDSimpleChatViewController.m in Sources */ = {isa = PBXBuildFile; fileRef = C45AC0431C206FCC00625004 /* ECDSimpleChatViewController.m */; };
		C47E67741C493F6E00E7CEF3 /* ECDSimpleAnswerEngineController.m in Sources */ = {isa = PBXBuildFile; fileRef = C47E67731C493F6E00E7CEF3 /* ECDSimpleAnswerEngineController.m */; };
		C47F52D51CAC54030098A0BC /* ECDPersonasViewController.m in Sources */ = {isa = PBXBuildFile; fileRef = C47F52D31CAC54030098A0BC /* ECDPersonasViewController.m */; };
		C47F52D61CAC54030098A0BC /* ECDPersonasViewController.xib in Resources */ = {isa = PBXBuildFile; fileRef = C47F52D41CAC54030098A0BC /* ECDPersonasViewController.xib */; };
		C47F52DD1CAC90900098A0BC /* AirshipKit.framework in Frameworks */ = {isa = PBXBuildFile; fileRef = C47F52DC1CAC90770098A0BC /* AirshipKit.framework */; };
		C47F52DE1CAC90900098A0BC /* AirshipKit.framework in Embed Frameworks */ = {isa = PBXBuildFile; fileRef = C47F52DC1CAC90770098A0BC /* AirshipKit.framework */; settings = {ATTRIBUTES = (CodeSignOnCopy, RemoveHeadersOnCopy, ); }; };
		C47F52E41CAEBF140098A0BC /* StoreKit.framework in Frameworks */ = {isa = PBXBuildFile; fileRef = C47F52E31CAEBF140098A0BC /* StoreKit.framework */; };
		C4D0E51A1C6A409A0032925F /* AppConfig.m in Sources */ = {isa = PBXBuildFile; fileRef = C4D0E5191C6A409A0032925F /* AppConfig.m */; };
		C4D0E5201C723A630032925F /* iBeaconViewController.m in Sources */ = {isa = PBXBuildFile; fileRef = C4D0E51E1C723A630032925F /* iBeaconViewController.m */; };
		C4D0E5211C723A630032925F /* iBeaconViewController.xib in Resources */ = {isa = PBXBuildFile; fileRef = C4D0E51F1C723A630032925F /* iBeaconViewController.xib */; };
		C4D0E52B1C74C19E0032925F /* ECDBeaconViewController.m in Sources */ = {isa = PBXBuildFile; fileRef = C4D0E5291C74C19E0032925F /* ECDBeaconViewController.m */; };
		C4D0E52C1C74C19E0032925F /* ECDBeaconViewController.xib in Resources */ = {isa = PBXBuildFile; fileRef = C4D0E52A1C74C19E0032925F /* ECDBeaconViewController.xib */; };
		C4D188FE1BE2755A00049A36 /* EXPERTconnect.framework in Frameworks */ = {isa = PBXBuildFile; fileRef = C4D188FD1BE2755A00049A36 /* EXPERTconnect.framework */; };
		C4D188FF1BE2755A00049A36 /* EXPERTconnect.framework in Embed Frameworks */ = {isa = PBXBuildFile; fileRef = C4D188FD1BE2755A00049A36 /* EXPERTconnect.framework */; settings = {ATTRIBUTES = (CodeSignOnCopy, RemoveHeadersOnCopy, ); }; };
		C4D189CE1BD02E7E007A7047 /* ECDOrganizationPicker.m in Sources */ = {isa = PBXBuildFile; fileRef = C4D189CD1BD02E7E007A7047 /* ECDOrganizationPicker.m */; };
		D81612F11B6AB607005BD20E /* libicucore.dylib in Frameworks */ = {isa = PBXBuildFile; fileRef = D81612F01B6AB607005BD20E /* libicucore.dylib */; };
		D81612F31B6AB60D005BD20E /* GLKit.framework in Frameworks */ = {isa = PBXBuildFile; fileRef = D81612F21B6AB60D005BD20E /* GLKit.framework */; };
		D81612F71B6AB6BE005BD20E /* libsqlite3.dylib in Frameworks */ = {isa = PBXBuildFile; fileRef = D81612F61B6AB6BE005BD20E /* libsqlite3.dylib */; };
		D81614EA1B79169B005BD20E /* CoreAudio.framework in Frameworks */ = {isa = PBXBuildFile; fileRef = D81614E91B79169B005BD20E /* CoreAudio.framework */; };
		D81614EC1B7916D7005BD20E /* libxml2.dylib in Frameworks */ = {isa = PBXBuildFile; fileRef = D81614EB1B7916D7005BD20E /* libxml2.dylib */; };
		D87F2F591B68353500B7B9D5 /* libc++.dylib in Frameworks */ = {isa = PBXBuildFile; fileRef = D8D3AA731B66A2EC00DA1762 /* libc++.dylib */; };
		D87F2F5A1B68354200B7B9D5 /* libstdc++.6.dylib in Frameworks */ = {isa = PBXBuildFile; fileRef = D8D3AA751B66A2FA00DA1762 /* libstdc++.6.dylib */; };
		D87F2F5B1B68354B00B7B9D5 /* libxml2.2.dylib in Frameworks */ = {isa = PBXBuildFile; fileRef = D8D3AA771B66A30300DA1762 /* libxml2.2.dylib */; };
		D87F2F5C1B68355000B7B9D5 /* libz.dylib in Frameworks */ = {isa = PBXBuildFile; fileRef = D8D3AA791B66A30D00DA1762 /* libz.dylib */; };
		D87F2F5D1B6835A400B7B9D5 /* Accelerate.framework in Frameworks */ = {isa = PBXBuildFile; fileRef = D8D3AA7B1B66A36F00DA1762 /* Accelerate.framework */; };
		D87F2F601B6835A400B7B9D5 /* AssetsLibrary.framework in Frameworks */ = {isa = PBXBuildFile; fileRef = D8D3AA7E1B66A36F00DA1762 /* AssetsLibrary.framework */; };
		D87F2F611B6835A400B7B9D5 /* AudioToolbox.framework in Frameworks */ = {isa = PBXBuildFile; fileRef = D8D3AA7F1B66A36F00DA1762 /* AudioToolbox.framework */; };
		D87F2F621B6835A400B7B9D5 /* AVFoundation.framework in Frameworks */ = {isa = PBXBuildFile; fileRef = D8D3AA801B66A36F00DA1762 /* AVFoundation.framework */; };
		D87F2F631B6835A400B7B9D5 /* CFNetwork.framework in Frameworks */ = {isa = PBXBuildFile; fileRef = D8D3AA811B66A36F00DA1762 /* CFNetwork.framework */; };
		D87F2F641B6835A400B7B9D5 /* CoreBluetooth.framework in Frameworks */ = {isa = PBXBuildFile; fileRef = D8D3AA821B66A36F00DA1762 /* CoreBluetooth.framework */; };
		D87F2F651B6835A400B7B9D5 /* CoreFoundation.framework in Frameworks */ = {isa = PBXBuildFile; fileRef = D8D3AA831B66A36F00DA1762 /* CoreFoundation.framework */; };
		D87F2F661B6835A400B7B9D5 /* CoreGraphics.framework in Frameworks */ = {isa = PBXBuildFile; fileRef = D8D3AA841B66A36F00DA1762 /* CoreGraphics.framework */; };
		D87F2F671B6835A400B7B9D5 /* CoreImage.framework in Frameworks */ = {isa = PBXBuildFile; fileRef = D8D3AA851B66A36F00DA1762 /* CoreImage.framework */; };
		D87F2F681B6835A400B7B9D5 /* CoreLocation.framework in Frameworks */ = {isa = PBXBuildFile; fileRef = D8D3AA861B66A36F00DA1762 /* CoreLocation.framework */; };
		D87F2F691B6835A400B7B9D5 /* CoreMedia.framework in Frameworks */ = {isa = PBXBuildFile; fileRef = D8D3AA871B66A36F00DA1762 /* CoreMedia.framework */; };
		D87F2F6A1B6835A400B7B9D5 /* CoreTelephony.framework in Frameworks */ = {isa = PBXBuildFile; fileRef = D8D3AA881B66A36F00DA1762 /* CoreTelephony.framework */; };
		D87F2F6B1B6835A400B7B9D5 /* CoreText.framework in Frameworks */ = {isa = PBXBuildFile; fileRef = D8D3AA891B66A36F00DA1762 /* CoreText.framework */; };
		D87F2F6C1B6835A400B7B9D5 /* CoreVideo.framework in Frameworks */ = {isa = PBXBuildFile; fileRef = D8D3AA8A1B66A36F00DA1762 /* CoreVideo.framework */; };
		D87F2F6D1B6835A400B7B9D5 /* EventKit.framework in Frameworks */ = {isa = PBXBuildFile; fileRef = D8D3AA8B1B66A36F00DA1762 /* EventKit.framework */; };
		D87F2F6E1B6835A400B7B9D5 /* Foundation.framework in Frameworks */ = {isa = PBXBuildFile; fileRef = D8D3AA8C1B66A36F00DA1762 /* Foundation.framework */; };
		D87F2F6F1B6835A400B7B9D5 /* ImageIO.framework in Frameworks */ = {isa = PBXBuildFile; fileRef = D8D3AA8D1B66A36F00DA1762 /* ImageIO.framework */; };
		D87F2F701B6835A400B7B9D5 /* MapKit.framework in Frameworks */ = {isa = PBXBuildFile; fileRef = D8D3AA8E1B66A36F00DA1762 /* MapKit.framework */; };
		D87F2F711B6835A400B7B9D5 /* MediaPlayer.framework in Frameworks */ = {isa = PBXBuildFile; fileRef = D8D3AA8F1B66A36F00DA1762 /* MediaPlayer.framework */; };
		D87F2F721B6835A400B7B9D5 /* MessageUI.framework in Frameworks */ = {isa = PBXBuildFile; fileRef = D8D3AA901B66A36F00DA1762 /* MessageUI.framework */; };
		D87F2F731B6835A400B7B9D5 /* MobileCoreServices.framework in Frameworks */ = {isa = PBXBuildFile; fileRef = D8D3AA911B66A36F00DA1762 /* MobileCoreServices.framework */; };
		D87F2F741B6835A400B7B9D5 /* OpenGLES.framework in Frameworks */ = {isa = PBXBuildFile; fileRef = D8D3AA921B66A36F00DA1762 /* OpenGLES.framework */; };
		D87F2F751B6835A400B7B9D5 /* QuartzCore.framework in Frameworks */ = {isa = PBXBuildFile; fileRef = D8D3AA931B66A36F00DA1762 /* QuartzCore.framework */; };
		D87F2F761B6835A400B7B9D5 /* Security.framework in Frameworks */ = {isa = PBXBuildFile; fileRef = D8D3AA941B66A36F00DA1762 /* Security.framework */; };
		D87F2F781B6835A400B7B9D5 /* SystemConfiguration.framework in Frameworks */ = {isa = PBXBuildFile; fileRef = D8D3AA961B66A36F00DA1762 /* SystemConfiguration.framework */; };
		D87F2F791B6835A400B7B9D5 /* UIKit.framework in Frameworks */ = {isa = PBXBuildFile; fileRef = D8D3AA971B66A36F00DA1762 /* UIKit.framework */; };
		D890F74E1B96146F00B75692 /* ECDAdHocVideoChatPicker.m in Sources */ = {isa = PBXBuildFile; fileRef = D890F74D1B96146F00B75692 /* ECDAdHocVideoChatPicker.m */; };
		D8EF94071BC32DED0068CAA0 /* ECDBugReportEmailer.m in Sources */ = {isa = PBXBuildFile; fileRef = D8EF94061BC32DED0068CAA0 /* ECDBugReportEmailer.m */; };
/* End PBXBuildFile section */

/* Begin PBXContainerItemProxy section */
		03978F211A602B2D007793D6 /* PBXContainerItemProxy */ = {
			isa = PBXContainerItemProxy;
			containerPortal = 03978EFF1A602B2D007793D6 /* Project object */;
			proxyType = 1;
			remoteGlobalIDString = 03978F061A602B2D007793D6;
			remoteInfo = EXPERTconnectDemo;
		};
		C47F52DB1CAC90770098A0BC /* PBXContainerItemProxy */ = {
			isa = PBXContainerItemProxy;
			containerPortal = C47F52D71CAC90770098A0BC /* AirshipKit.xcodeproj */;
			proxyType = 2;
			remoteGlobalIDString = 494DD9571B0EB677009C134E;
			remoteInfo = AirshipKit;
		};
		C47F52DF1CAC90900098A0BC /* PBXContainerItemProxy */ = {
			isa = PBXContainerItemProxy;
			containerPortal = C47F52D71CAC90770098A0BC /* AirshipKit.xcodeproj */;
			proxyType = 1;
			remoteGlobalIDString = 494DD9561B0EB677009C134E;
			remoteInfo = AirshipKit;
		};
/* End PBXContainerItemProxy section */

/* Begin PBXCopyFilesBuildPhase section */
		03243FD51A65576B00A4CE6D /* Embed Frameworks */ = {
			isa = PBXCopyFilesBuildPhase;
			buildActionMask = 2147483647;
			dstPath = "";
			dstSubfolderSpec = 10;
			files = (
				C47F52DE1CAC90900098A0BC /* AirshipKit.framework in Embed Frameworks */,
				C4D188FF1BE2755A00049A36 /* EXPERTconnect.framework in Embed Frameworks */,
			);
			name = "Embed Frameworks";
			runOnlyForDeploymentPostprocessing = 0;
		};
/* End PBXCopyFilesBuildPhase section */

/* Begin PBXFileReference section */
		0301CBFB1B0626900068A0E1 /* ECDDefaultTheme.css */ = {isa = PBXFileReference; fileEncoding = 4; lastKnownFileType = text.css; path = ECDDefaultTheme.css; sourceTree = "<group>"; };
		0301CBFD1B0634C50068A0E1 /* ECDLicenseViewController.h */ = {isa = PBXFileReference; fileEncoding = 4; lastKnownFileType = sourcecode.c.h; path = ECDLicenseViewController.h; sourceTree = "<group>"; };
		0301CBFE1B0634C50068A0E1 /* ECDLicenseViewController.m */ = {isa = PBXFileReference; fileEncoding = 4; lastKnownFileType = sourcecode.c.objc; path = ECDLicenseViewController.m; sourceTree = "<group>"; };
		0301CBFF1B0634C50068A0E1 /* ECDLicenseViewController.xib */ = {isa = PBXFileReference; fileEncoding = 4; lastKnownFileType = file.xib; path = ECDLicenseViewController.xib; sourceTree = "<group>"; };
		0301CC021B063C880068A0E1 /* ECDLicenses.txt */ = {isa = PBXFileReference; fileEncoding = 4; lastKnownFileType = text; path = ECDLicenses.txt; sourceTree = "<group>"; };
		03243FDA1A656FB300A4CE6D /* ECDNavigationController.h */ = {isa = PBXFileReference; fileEncoding = 4; lastKnownFileType = sourcecode.c.h; path = ECDNavigationController.h; sourceTree = "<group>"; };
		03243FDB1A656FB300A4CE6D /* ECDNavigationController.m */ = {isa = PBXFileReference; fileEncoding = 4; lastKnownFileType = sourcecode.c.objc; path = ECDNavigationController.m; sourceTree = "<group>"; };
		033A39861AD579FC006B34B2 /* ECDLoginViewController.h */ = {isa = PBXFileReference; fileEncoding = 4; lastKnownFileType = sourcecode.c.h; path = ECDLoginViewController.h; sourceTree = "<group>"; };
		033A39871AD579FC006B34B2 /* ECDLoginViewController.m */ = {isa = PBXFileReference; fileEncoding = 4; lastKnownFileType = sourcecode.c.objc; path = ECDLoginViewController.m; sourceTree = "<group>"; };
		033A39881AD579FC006B34B2 /* ECDLoginViewController.xib */ = {isa = PBXFileReference; fileEncoding = 4; lastKnownFileType = file.xib; path = ECDLoginViewController.xib; sourceTree = "<group>"; };
		033A39891AD579FC006B34B2 /* ECDRegisterViewController.h */ = {isa = PBXFileReference; fileEncoding = 4; lastKnownFileType = sourcecode.c.h; path = ECDRegisterViewController.h; sourceTree = "<group>"; };
		033A398A1AD579FC006B34B2 /* ECDRegisterViewController.m */ = {isa = PBXFileReference; fileEncoding = 4; lastKnownFileType = sourcecode.c.objc; path = ECDRegisterViewController.m; sourceTree = "<group>"; };
		033A398B1AD579FC006B34B2 /* ECDRegisterViewController.xib */ = {isa = PBXFileReference; fileEncoding = 4; lastKnownFileType = file.xib; path = ECDRegisterViewController.xib; sourceTree = "<group>"; };
		033ACB3E1A602CC00024F48F /* MainMenuConfig.json */ = {isa = PBXFileReference; fileEncoding = 4; lastKnownFileType = text.json; path = MainMenuConfig.json; sourceTree = "<group>"; };
		033ACB411A602CC00024F48F /* ECDMainMenuViewController.h */ = {isa = PBXFileReference; fileEncoding = 4; lastKnownFileType = sourcecode.c.h; path = ECDMainMenuViewController.h; sourceTree = "<group>"; };
		033ACB421A602CC00024F48F /* ECDMainMenuViewController.m */ = {isa = PBXFileReference; fileEncoding = 4; lastKnownFileType = sourcecode.c.objc; path = ECDMainMenuViewController.m; sourceTree = "<group>"; };
		033ACB431A602CC00024F48F /* ECDMainMenuViewController.xib */ = {isa = PBXFileReference; fileEncoding = 4; lastKnownFileType = file.xib; path = ECDMainMenuViewController.xib; sourceTree = "<group>"; };
		033ACB441A602CC00024F48F /* ECDRootViewController.h */ = {isa = PBXFileReference; fileEncoding = 4; lastKnownFileType = sourcecode.c.h; path = ECDRootViewController.h; sourceTree = "<group>"; };
		033ACB451A602CC00024F48F /* ECDRootViewController.m */ = {isa = PBXFileReference; fileEncoding = 4; lastKnownFileType = sourcecode.c.objc; path = ECDRootViewController.m; sourceTree = "<group>"; };
		033ACB461A602CC00024F48F /* ECDRootViewController.xib */ = {isa = PBXFileReference; fileEncoding = 4; lastKnownFileType = file.xib; path = ECDRootViewController.xib; sourceTree = "<group>"; };
		033ACB471A602CC00024F48F /* ECDZoomViewController.h */ = {isa = PBXFileReference; fileEncoding = 4; lastKnownFileType = sourcecode.c.h; path = ECDZoomViewController.h; sourceTree = "<group>"; };
		033ACB481A602CC00024F48F /* ECDZoomViewController.m */ = {isa = PBXFileReference; fileEncoding = 4; lastKnownFileType = sourcecode.c.objc; path = ECDZoomViewController.m; sourceTree = "<group>"; };
		033ACB491A602CC00024F48F /* ECDZoomViewController.xib */ = {isa = PBXFileReference; fileEncoding = 4; lastKnownFileType = file.xib; path = ECDZoomViewController.xib; sourceTree = "<group>"; };
		033ACB4C1A602CC00024F48F /* ECDMainMenuTableViewCell.h */ = {isa = PBXFileReference; fileEncoding = 4; lastKnownFileType = sourcecode.c.h; path = ECDMainMenuTableViewCell.h; sourceTree = "<group>"; };
		033ACB4D1A602CC00024F48F /* ECDMainMenuTableViewCell.m */ = {isa = PBXFileReference; fileEncoding = 4; lastKnownFileType = sourcecode.c.objc; path = ECDMainMenuTableViewCell.m; sourceTree = "<group>"; };
		033ACB4E1A602CC00024F48F /* ECDMainMenuTableViewCell.xib */ = {isa = PBXFileReference; fileEncoding = 4; lastKnownFileType = file.xib; path = ECDMainMenuTableViewCell.xib; sourceTree = "<group>"; };
		033ACB501A602CC00024F48F /* ECDDefaultTheme.h */ = {isa = PBXFileReference; fileEncoding = 4; lastKnownFileType = sourcecode.c.h; path = ECDDefaultTheme.h; sourceTree = "<group>"; };
		033ACB511A602CC00024F48F /* ECDDefaultTheme.m */ = {isa = PBXFileReference; fileEncoding = 4; lastKnownFileType = sourcecode.c.objc; path = ECDDefaultTheme.m; sourceTree = "<group>"; };
		0368D7771B3AEACF00985673 /* fr */ = {isa = PBXFileReference; lastKnownFileType = text.plist.strings; name = fr; path = fr.lproj/LaunchScreen.strings; sourceTree = "<group>"; };
		0368D7791B3AEAD800985673 /* Base */ = {isa = PBXFileReference; lastKnownFileType = text.plist.strings; name = Base; path = Base.lproj/Localizable.strings; sourceTree = "<group>"; };
		0368D77B1B3AEADB00985673 /* en */ = {isa = PBXFileReference; lastKnownFileType = text.plist.strings; name = en; path = en.lproj/Localizable.strings; sourceTree = "<group>"; };
		0368D77C1B3AEADC00985673 /* fr */ = {isa = PBXFileReference; lastKnownFileType = text.plist.strings; name = fr; path = fr.lproj/Localizable.strings; sourceTree = "<group>"; };
		03978F071A602B2D007793D6 /* EXPERTconnectDemo.app */ = {isa = PBXFileReference; explicitFileType = wrapper.application; includeInIndex = 0; path = EXPERTconnectDemo.app; sourceTree = BUILT_PRODUCTS_DIR; };
		03978F0B1A602B2D007793D6 /* Info.plist */ = {isa = PBXFileReference; lastKnownFileType = text.plist.xml; path = Info.plist; sourceTree = "<group>"; };
		03978F0C1A602B2D007793D6 /* main.m */ = {isa = PBXFileReference; lastKnownFileType = sourcecode.c.objc; path = main.m; sourceTree = "<group>"; };
		03978F0E1A602B2D007793D6 /* AppDelegate.h */ = {isa = PBXFileReference; lastKnownFileType = sourcecode.c.h; path = AppDelegate.h; sourceTree = "<group>"; };
		03978F0F1A602B2D007793D6 /* AppDelegate.m */ = {isa = PBXFileReference; lastKnownFileType = sourcecode.c.objc; path = AppDelegate.m; sourceTree = "<group>"; };
		03978F171A602B2D007793D6 /* Images.xcassets */ = {isa = PBXFileReference; lastKnownFileType = folder.assetcatalog; path = Images.xcassets; sourceTree = "<group>"; };
		03978F1A1A602B2D007793D6 /* Base */ = {isa = PBXFileReference; lastKnownFileType = file.xib; name = Base; path = Base.lproj/LaunchScreen.xib; sourceTree = "<group>"; };
		03978F201A602B2D007793D6 /* EXPERTconnectDemoTests.xctest */ = {isa = PBXFileReference; explicitFileType = wrapper.cfbundle; includeInIndex = 0; path = EXPERTconnectDemoTests.xctest; sourceTree = BUILT_PRODUCTS_DIR; };
		03978F251A602B2D007793D6 /* Info.plist */ = {isa = PBXFileReference; lastKnownFileType = text.plist.xml; path = Info.plist; sourceTree = "<group>"; };
		03978F261A602B2D007793D6 /* EXPERTconnectDemoTests.m */ = {isa = PBXFileReference; lastKnownFileType = sourcecode.c.objc; path = EXPERTconnectDemoTests.m; sourceTree = "<group>"; };
		03CF885C1AD5B45E0064085E /* ECDSettingsViewController.h */ = {isa = PBXFileReference; fileEncoding = 4; lastKnownFileType = sourcecode.c.h; path = ECDSettingsViewController.h; sourceTree = "<group>"; };
		03CF885D1AD5B45E0064085E /* ECDSettingsViewController.m */ = {isa = PBXFileReference; fileEncoding = 4; lastKnownFileType = sourcecode.c.objc; path = ECDSettingsViewController.m; sourceTree = "<group>"; };
		03CF885E1AD5B45E0064085E /* ECDSettingsViewController.xib */ = {isa = PBXFileReference; fileEncoding = 4; lastKnownFileType = file.xib; path = ECDSettingsViewController.xib; sourceTree = "<group>"; };
		03CF88611AD5C7220064085E /* ECDUserDefaultKeys.h */ = {isa = PBXFileReference; lastKnownFileType = sourcecode.c.h; path = ECDUserDefaultKeys.h; sourceTree = "<group>"; };
		03D452181AC1DB4C003607C4 /* AirshipConfig.plist */ = {isa = PBXFileReference; fileEncoding = 4; lastKnownFileType = text.plist.xml; path = AirshipConfig.plist; sourceTree = "<group>"; };
		22CD2EEC1A840142003ED9E4 /* ECDSplashViewController.h */ = {isa = PBXFileReference; fileEncoding = 4; lastKnownFileType = sourcecode.c.h; path = ECDSplashViewController.h; sourceTree = "<group>"; };
		22CD2EED1A840142003ED9E4 /* ECDSplashViewController.m */ = {isa = PBXFileReference; fileEncoding = 4; lastKnownFileType = sourcecode.c.objc; path = ECDSplashViewController.m; sourceTree = "<group>"; };
		22CD2EEE1A840142003ED9E4 /* ECDSplashViewController.xib */ = {isa = PBXFileReference; fileEncoding = 4; lastKnownFileType = file.xib; path = ECDSplashViewController.xib; sourceTree = "<group>"; };
		46004D521B5D60F900E78A83 /* es */ = {isa = PBXFileReference; lastKnownFileType = text.plist.strings; name = es; path = es.lproj/LaunchScreen.strings; sourceTree = "<group>"; };
		46004D531B5D60F900E78A83 /* es */ = {isa = PBXFileReference; lastKnownFileType = text.plist.strings; name = es; path = es.lproj/Localizable.strings; sourceTree = "<group>"; };
		46222EFC1B72BF390096F2CB /* ECDAdHocFormsPicker.m */ = {isa = PBXFileReference; fileEncoding = 4; lastKnownFileType = sourcecode.c.objc; path = ECDAdHocFormsPicker.m; sourceTree = "<group>"; };
		46222EFE1B72BF470096F2CB /* ECDAdHocFormsPicker.h */ = {isa = PBXFileReference; lastKnownFileType = sourcecode.c.h; path = ECDAdHocFormsPicker.h; sourceTree = "<group>"; };
		462C19261B7BC3CF00E230B7 /* UserProfile.json */ = {isa = PBXFileReference; fileEncoding = 4; lastKnownFileType = text.json; path = UserProfile.json; sourceTree = "<group>"; };
		462E1DF01B7BD50800AFC62D /* ECDAPIConfigViewController.xib */ = {isa = PBXFileReference; fileEncoding = 4; lastKnownFileType = file.xib; path = ECDAPIConfigViewController.xib; sourceTree = "<group>"; };
		462E1DF21B7BD52000AFC62D /* ECDAPIConfigViewController.m */ = {isa = PBXFileReference; fileEncoding = 4; lastKnownFileType = sourcecode.c.objc; path = ECDAPIConfigViewController.m; sourceTree = "<group>"; };
		462E1DF41B7BD52B00AFC62D /* ECDAPIConfigViewController.h */ = {isa = PBXFileReference; lastKnownFileType = sourcecode.c.h; path = ECDAPIConfigViewController.h; sourceTree = "<group>"; };
		46368EC01B7107C7001AA48B /* ECDAdHocChatPicker.h */ = {isa = PBXFileReference; lastKnownFileType = sourcecode.c.h; path = ECDAdHocChatPicker.h; sourceTree = "<group>"; };
		46368EC11B7107DE001AA48B /* ECDAdHocChatPicker.m */ = {isa = PBXFileReference; fileEncoding = 4; lastKnownFileType = sourcecode.c.objc; path = ECDAdHocChatPicker.m; sourceTree = "<group>"; };
		46368EC31B714999001AA48B /* ECDAdHocAnswerEngineContextPicker.m */ = {isa = PBXFileReference; fileEncoding = 4; lastKnownFileType = sourcecode.c.objc; path = ECDAdHocAnswerEngineContextPicker.m; sourceTree = "<group>"; };
		46368EC51B7149A4001AA48B /* ECDAdHocAnswerEngineContextPicker.h */ = {isa = PBXFileReference; lastKnownFileType = sourcecode.c.h; path = ECDAdHocAnswerEngineContextPicker.h; sourceTree = "<group>"; };
		4643F6111B73E26600F0AF7E /* ECDAdHocVoiceCallbackPicker.h */ = {isa = PBXFileReference; lastKnownFileType = sourcecode.c.h; path = ECDAdHocVoiceCallbackPicker.h; sourceTree = "<group>"; };
		4643F6121B73E27400F0AF7E /* ECDAdHocVoiceCallbackPicker.m */ = {isa = PBXFileReference; fileEncoding = 4; lastKnownFileType = sourcecode.c.objc; path = ECDAdHocVoiceCallbackPicker.m; sourceTree = "<group>"; };
		4643F6141B73E4B600F0AF7E /* ECDAdHocWebPagePicker.m */ = {isa = PBXFileReference; fileEncoding = 4; lastKnownFileType = sourcecode.c.objc; path = ECDAdHocWebPagePicker.m; sourceTree = "<group>"; };
		4643F6161B73E4C100F0AF7E /* ECDAdHocWebPagePicker.h */ = {isa = PBXFileReference; lastKnownFileType = sourcecode.c.h; path = ECDAdHocWebPagePicker.h; sourceTree = "<group>"; };
		466A7EFC1B6FCB8300A48DAC /* ECDAdHocViewController.xib */ = {isa = PBXFileReference; fileEncoding = 4; lastKnownFileType = file.xib; path = ECDAdHocViewController.xib; sourceTree = "<group>"; };
		466A7EFE1B6FCC3F00A48DAC /* ECDAdHocViewController.h */ = {isa = PBXFileReference; lastKnownFileType = sourcecode.c.h; path = ECDAdHocViewController.h; sourceTree = "<group>"; };
		466A7EFF1B6FCC5A00A48DAC /* ECDAdHocViewController.m */ = {isa = PBXFileReference; fileEncoding = 4; lastKnownFileType = sourcecode.c.objc; path = ECDAdHocViewController.m; sourceTree = "<group>"; };
		467257F31B7E5CF40091BE51 /* ECDAdHocFormsController.xib */ = {isa = PBXFileReference; fileEncoding = 4; lastKnownFileType = file.xib; path = ECDAdHocFormsController.xib; sourceTree = "<group>"; };
		467257F51B7E5D0D0091BE51 /* ECDAdHocFormsController.m */ = {isa = PBXFileReference; fileEncoding = 4; lastKnownFileType = sourcecode.c.objc; path = ECDAdHocFormsController.m; sourceTree = "<group>"; };
		467257F71B7E5D1D0091BE51 /* ECDAdHocFormsController.h */ = {isa = PBXFileReference; lastKnownFileType = sourcecode.c.h; path = ECDAdHocFormsController.h; sourceTree = "<group>"; };
		4679BD971B7A525C002E2D9E /* ECDExtendedUserProfileViewController.xib */ = {isa = PBXFileReference; fileEncoding = 4; lastKnownFileType = file.xib; path = ECDExtendedUserProfileViewController.xib; sourceTree = "<group>"; };
		4679BD991B7A527D002E2D9E /* ECDExtendedUserProfileViewController.h */ = {isa = PBXFileReference; lastKnownFileType = sourcecode.c.h; path = ECDExtendedUserProfileViewController.h; sourceTree = "<group>"; };
		4679BD9A1B7A528E002E2D9E /* ECDExtendedUserProfileViewController.m */ = {isa = PBXFileReference; fileEncoding = 4; lastKnownFileType = sourcecode.c.objc; path = ECDExtendedUserProfileViewController.m; sourceTree = "<group>"; };
		4695C37B1B5D802F00C95878 /* ECDLocalization.m */ = {isa = PBXFileReference; fileEncoding = 4; lastKnownFileType = sourcecode.c.objc; path = ECDLocalization.m; sourceTree = "<group>"; };
		4695C37E1B5D805200C95878 /* ECDLocalization.h */ = {isa = PBXFileReference; fileEncoding = 4; lastKnownFileType = sourcecode.c.h; path = ECDLocalization.h; sourceTree = "<group>"; };
		46BA32F61B604E6600E5C270 /* ECDEnvironmentPicker.h */ = {isa = PBXFileReference; lastKnownFileType = sourcecode.c.h; path = ECDEnvironmentPicker.h; sourceTree = "<group>"; };
		46BA32F71B604E7D00E5C270 /* ECDEnvironmentPicker.m */ = {isa = PBXFileReference; fileEncoding = 4; lastKnownFileType = sourcecode.c.objc; path = ECDEnvironmentPicker.m; sourceTree = "<group>"; };
		46BA32F91B60559000E5C270 /* ECDRunModePicker.h */ = {isa = PBXFileReference; lastKnownFileType = sourcecode.c.h; path = ECDRunModePicker.h; sourceTree = "<group>"; };
		46BA32FA1B6055A500E5C270 /* ECDRunModePicker.m */ = {isa = PBXFileReference; fileEncoding = 4; lastKnownFileType = sourcecode.c.objc; path = ECDRunModePicker.m; sourceTree = "<group>"; };
		46BA32FC1B60563C00E5C270 /* ECDUIPicker.h */ = {isa = PBXFileReference; lastKnownFileType = sourcecode.c.h; path = ECDUIPicker.h; sourceTree = "<group>"; };
		46BA32FD1B60564C00E5C270 /* ECDUIPicker.m */ = {isa = PBXFileReference; fileEncoding = 4; lastKnownFileType = sourcecode.c.objc; path = ECDUIPicker.m; sourceTree = "<group>"; };
		9F5B9BAA1AF2C3FE002770C0 /* Settings.bundle */ = {isa = PBXFileReference; lastKnownFileType = "wrapper.plug-in"; path = Settings.bundle; sourceTree = "<group>"; };
		C1D2E4FF1C185BC300678FB5 /* ECDCustomizeThemeViewController.h */ = {isa = PBXFileReference; fileEncoding = 4; lastKnownFileType = sourcecode.c.h; path = ECDCustomizeThemeViewController.h; sourceTree = "<group>"; };
		C1D2E5001C185BC300678FB5 /* ECDCustomizeThemeViewController.m */ = {isa = PBXFileReference; fileEncoding = 4; lastKnownFileType = sourcecode.c.objc; path = ECDCustomizeThemeViewController.m; sourceTree = "<group>"; };
		C1D2E5011C185BC300678FB5 /* ECDCustomizeThemeViewController.xib */ = {isa = PBXFileReference; fileEncoding = 4; lastKnownFileType = file.xib; path = ECDCustomizeThemeViewController.xib; sourceTree = "<group>"; };
		C1DBB4FA1BE88F8F00A61B61 /* ECDWorkflowViewController.h */ = {isa = PBXFileReference; fileEncoding = 4; lastKnownFileType = sourcecode.c.h; path = ECDWorkflowViewController.h; sourceTree = "<group>"; };
		C1DBB4FB1BE88F8F00A61B61 /* ECDWorkflowViewController.m */ = {isa = PBXFileReference; fileEncoding = 4; lastKnownFileType = sourcecode.c.objc; path = ECDWorkflowViewController.m; sourceTree = "<group>"; };
		C1DBB4FC1BE88F8F00A61B61 /* ECDWorkflowViewController.xib */ = {isa = PBXFileReference; fileEncoding = 4; lastKnownFileType = file.xib; path = ECDWorkflowViewController.xib; sourceTree = "<group>"; };
		C1E0E6321BC409ED0089C7E6 /* ECDCalendarViewController.h */ = {isa = PBXFileReference; fileEncoding = 4; lastKnownFileType = sourcecode.c.h; path = ECDCalendarViewController.h; sourceTree = "<group>"; };
		C1E0E6331BC409ED0089C7E6 /* ECDCalendarViewController.m */ = {isa = PBXFileReference; fileEncoding = 4; lastKnownFileType = sourcecode.c.objc; path = ECDCalendarViewController.m; sourceTree = "<group>"; };
		C1E0E6341BC409ED0089C7E6 /* ECDCalendarViewController.xib */ = {isa = PBXFileReference; fileEncoding = 4; lastKnownFileType = file.xib; path = ECDCalendarViewController.xib; sourceTree = "<group>"; };
		C1E99D051BC7C7A6000EC129 /* ECDTextEditorViewController.h */ = {isa = PBXFileReference; fileEncoding = 4; lastKnownFileType = sourcecode.c.h; path = ECDTextEditorViewController.h; sourceTree = "<group>"; };
		C1E99D061BC7C7A6000EC129 /* ECDTextEditorViewController.m */ = {isa = PBXFileReference; fileEncoding = 4; lastKnownFileType = sourcecode.c.objc; path = ECDTextEditorViewController.m; sourceTree = "<group>"; };
		C44388801D0B555000F42A7A /* ECDChatConfigVC.h */ = {isa = PBXFileReference; fileEncoding = 4; lastKnownFileType = sourcecode.c.h; path = ECDChatConfigVC.h; sourceTree = "<group>"; };
		C44388811D0B555000F42A7A /* ECDChatConfigVC.m */ = {isa = PBXFileReference; fileEncoding = 4; lastKnownFileType = sourcecode.c.objc; path = ECDChatConfigVC.m; sourceTree = "<group>"; };
		C44388821D0B555000F42A7A /* ECDChatConfigVC.xib */ = {isa = PBXFileReference; fileEncoding = 4; lastKnownFileType = file.xib; path = ECDChatConfigVC.xib; sourceTree = "<group>"; };
		C45AC0421C206FCC00625004 /* ECDSimpleChatViewController.h */ = {isa = PBXFileReference; fileEncoding = 4; lastKnownFileType = sourcecode.c.h; name = ECDSimpleChatViewController.h; path = Proof_of_Concept/ECDSimpleChatViewController.h; sourceTree = "<group>"; };
		C45AC0431C206FCC00625004 /* ECDSimpleChatViewController.m */ = {isa = PBXFileReference; fileEncoding = 4; lastKnownFileType = sourcecode.c.objc; name = ECDSimpleChatViewController.m; path = Proof_of_Concept/ECDSimpleChatViewController.m; sourceTree = "<group>"; };
		C47E67721C493F6E00E7CEF3 /* ECDSimpleAnswerEngineController.h */ = {isa = PBXFileReference; fileEncoding = 4; lastKnownFileType = sourcecode.c.h; name = ECDSimpleAnswerEngineController.h; path = Proof_of_Concept/ECDSimpleAnswerEngineController.h; sourceTree = "<group>"; };
		C47E67731C493F6E00E7CEF3 /* ECDSimpleAnswerEngineController.m */ = {isa = PBXFileReference; fileEncoding = 4; lastKnownFileType = sourcecode.c.objc; name = ECDSimpleAnswerEngineController.m; path = Proof_of_Concept/ECDSimpleAnswerEngineController.m; sourceTree = "<group>"; };
		C47F52D21CAC54030098A0BC /* ECDPersonasViewController.h */ = {isa = PBXFileReference; fileEncoding = 4; lastKnownFileType = sourcecode.c.h; path = ECDPersonasViewController.h; sourceTree = "<group>"; };
		C47F52D31CAC54030098A0BC /* ECDPersonasViewController.m */ = {isa = PBXFileReference; fileEncoding = 4; lastKnownFileType = sourcecode.c.objc; path = ECDPersonasViewController.m; sourceTree = "<group>"; };
		C47F52D41CAC54030098A0BC /* ECDPersonasViewController.xib */ = {isa = PBXFileReference; fileEncoding = 4; lastKnownFileType = file.xib; path = ECDPersonasViewController.xib; sourceTree = "<group>"; };
		C47F52D71CAC90770098A0BC /* AirshipKit.xcodeproj */ = {isa = PBXFileReference; lastKnownFileType = "wrapper.pb-project"; name = AirshipKit.xcodeproj; path = EXPERTconnectDemo/AirshipKit/AirshipKit.xcodeproj; sourceTree = "<group>"; };
		C47F52E31CAEBF140098A0BC /* StoreKit.framework */ = {isa = PBXFileReference; lastKnownFileType = wrapper.framework; name = StoreKit.framework; path = System/Library/Frameworks/StoreKit.framework; sourceTree = SDKROOT; };
		C4D0E5181C6A409A0032925F /* AppConfig.h */ = {isa = PBXFileReference; fileEncoding = 4; lastKnownFileType = sourcecode.c.h; path = AppConfig.h; sourceTree = "<group>"; };
		C4D0E5191C6A409A0032925F /* AppConfig.m */ = {isa = PBXFileReference; fileEncoding = 4; lastKnownFileType = sourcecode.c.objc; path = AppConfig.m; sourceTree = "<group>"; };
		C4D0E51D1C723A630032925F /* iBeaconViewController.h */ = {isa = PBXFileReference; fileEncoding = 4; lastKnownFileType = sourcecode.c.h; path = iBeaconViewController.h; sourceTree = "<group>"; };
		C4D0E51E1C723A630032925F /* iBeaconViewController.m */ = {isa = PBXFileReference; fileEncoding = 4; lastKnownFileType = sourcecode.c.objc; path = iBeaconViewController.m; sourceTree = "<group>"; };
		C4D0E51F1C723A630032925F /* iBeaconViewController.xib */ = {isa = PBXFileReference; fileEncoding = 4; lastKnownFileType = file.xib; path = iBeaconViewController.xib; sourceTree = "<group>"; };
		C4D0E5281C74C19E0032925F /* ECDBeaconViewController.h */ = {isa = PBXFileReference; fileEncoding = 4; lastKnownFileType = sourcecode.c.h; path = ECDBeaconViewController.h; sourceTree = "<group>"; };
		C4D0E5291C74C19E0032925F /* ECDBeaconViewController.m */ = {isa = PBXFileReference; fileEncoding = 4; lastKnownFileType = sourcecode.c.objc; path = ECDBeaconViewController.m; sourceTree = "<group>"; };
		C4D0E52A1C74C19E0032925F /* ECDBeaconViewController.xib */ = {isa = PBXFileReference; fileEncoding = 4; lastKnownFileType = file.xib; path = ECDBeaconViewController.xib; sourceTree = "<group>"; };
		C4D188FD1BE2755A00049A36 /* EXPERTconnect.framework */ = {isa = PBXFileReference; lastKnownFileType = wrapper.framework; name = EXPERTconnect.framework; path = ../artifacts/EXPERTconnect.framework; sourceTree = "<group>"; };
		C4D189CC1BD02E7E007A7047 /* ECDOrganizationPicker.h */ = {isa = PBXFileReference; fileEncoding = 4; lastKnownFileType = sourcecode.c.h; path = ECDOrganizationPicker.h; sourceTree = "<group>"; };
		C4D189CD1BD02E7E007A7047 /* ECDOrganizationPicker.m */ = {isa = PBXFileReference; fileEncoding = 4; lastKnownFileType = sourcecode.c.objc; path = ECDOrganizationPicker.m; sourceTree = "<group>"; };
		D81612F01B6AB607005BD20E /* libicucore.dylib */ = {isa = PBXFileReference; lastKnownFileType = "compiled.mach-o.dylib"; name = libicucore.dylib; path = usr/lib/libicucore.dylib; sourceTree = SDKROOT; };
		D81612F21B6AB60D005BD20E /* GLKit.framework */ = {isa = PBXFileReference; lastKnownFileType = wrapper.framework; name = GLKit.framework; path = System/Library/Frameworks/GLKit.framework; sourceTree = SDKROOT; };
		D81612F61B6AB6BE005BD20E /* libsqlite3.dylib */ = {isa = PBXFileReference; lastKnownFileType = "compiled.mach-o.dylib"; name = libsqlite3.dylib; path = usr/lib/libsqlite3.dylib; sourceTree = SDKROOT; };
		D81614E91B79169B005BD20E /* CoreAudio.framework */ = {isa = PBXFileReference; lastKnownFileType = wrapper.framework; name = CoreAudio.framework; path = System/Library/Frameworks/CoreAudio.framework; sourceTree = SDKROOT; };
		D81614EB1B7916D7005BD20E /* libxml2.dylib */ = {isa = PBXFileReference; lastKnownFileType = "compiled.mach-o.dylib"; name = libxml2.dylib; path = usr/lib/libxml2.dylib; sourceTree = SDKROOT; };
		D81614FB1B792B3A005BD20E /* ACBClientSDK.framework */ = {isa = PBXFileReference; lastKnownFileType = wrapper.framework; name = ACBClientSDK.framework; path = ../../ACBClientSDK.framework; sourceTree = "<group>"; };
		D890F74D1B96146F00B75692 /* ECDAdHocVideoChatPicker.m */ = {isa = PBXFileReference; fileEncoding = 4; lastKnownFileType = sourcecode.c.objc; path = ECDAdHocVideoChatPicker.m; sourceTree = "<group>"; };
		D890F74F1B96147D00B75692 /* ECDAdHocVideoChatPicker.h */ = {isa = PBXFileReference; fileEncoding = 4; lastKnownFileType = sourcecode.c.h; path = ECDAdHocVideoChatPicker.h; sourceTree = "<group>"; };
		D8D3AA731B66A2EC00DA1762 /* libc++.dylib */ = {isa = PBXFileReference; lastKnownFileType = "compiled.mach-o.dylib"; name = "libc++.dylib"; path = "usr/lib/libc++.dylib"; sourceTree = SDKROOT; };
		D8D3AA751B66A2FA00DA1762 /* libstdc++.6.dylib */ = {isa = PBXFileReference; lastKnownFileType = "compiled.mach-o.dylib"; name = "libstdc++.6.dylib"; path = "usr/lib/libstdc++.6.dylib"; sourceTree = SDKROOT; };
		D8D3AA771B66A30300DA1762 /* libxml2.2.dylib */ = {isa = PBXFileReference; lastKnownFileType = "compiled.mach-o.dylib"; name = libxml2.2.dylib; path = usr/lib/libxml2.2.dylib; sourceTree = SDKROOT; };
		D8D3AA791B66A30D00DA1762 /* libz.dylib */ = {isa = PBXFileReference; lastKnownFileType = "compiled.mach-o.dylib"; name = libz.dylib; path = usr/lib/libz.dylib; sourceTree = SDKROOT; };
		D8D3AA7B1B66A36F00DA1762 /* Accelerate.framework */ = {isa = PBXFileReference; lastKnownFileType = wrapper.framework; name = Accelerate.framework; path = System/Library/Frameworks/Accelerate.framework; sourceTree = SDKROOT; };
		D8D3AA7C1B66A36F00DA1762 /* AddressBook.framework */ = {isa = PBXFileReference; lastKnownFileType = wrapper.framework; name = AddressBook.framework; path = System/Library/Frameworks/AddressBook.framework; sourceTree = SDKROOT; };
		D8D3AA7D1B66A36F00DA1762 /* AddressBookUI.framework */ = {isa = PBXFileReference; lastKnownFileType = wrapper.framework; name = AddressBookUI.framework; path = System/Library/Frameworks/AddressBookUI.framework; sourceTree = SDKROOT; };
		D8D3AA7E1B66A36F00DA1762 /* AssetsLibrary.framework */ = {isa = PBXFileReference; lastKnownFileType = wrapper.framework; name = AssetsLibrary.framework; path = System/Library/Frameworks/AssetsLibrary.framework; sourceTree = SDKROOT; };
		D8D3AA7F1B66A36F00DA1762 /* AudioToolbox.framework */ = {isa = PBXFileReference; lastKnownFileType = wrapper.framework; name = AudioToolbox.framework; path = System/Library/Frameworks/AudioToolbox.framework; sourceTree = SDKROOT; };
		D8D3AA801B66A36F00DA1762 /* AVFoundation.framework */ = {isa = PBXFileReference; lastKnownFileType = wrapper.framework; name = AVFoundation.framework; path = System/Library/Frameworks/AVFoundation.framework; sourceTree = SDKROOT; };
		D8D3AA811B66A36F00DA1762 /* CFNetwork.framework */ = {isa = PBXFileReference; lastKnownFileType = wrapper.framework; name = CFNetwork.framework; path = System/Library/Frameworks/CFNetwork.framework; sourceTree = SDKROOT; };
		D8D3AA821B66A36F00DA1762 /* CoreBluetooth.framework */ = {isa = PBXFileReference; lastKnownFileType = wrapper.framework; name = CoreBluetooth.framework; path = System/Library/Frameworks/CoreBluetooth.framework; sourceTree = SDKROOT; };
		D8D3AA831B66A36F00DA1762 /* CoreFoundation.framework */ = {isa = PBXFileReference; lastKnownFileType = wrapper.framework; name = CoreFoundation.framework; path = System/Library/Frameworks/CoreFoundation.framework; sourceTree = SDKROOT; };
		D8D3AA841B66A36F00DA1762 /* CoreGraphics.framework */ = {isa = PBXFileReference; lastKnownFileType = wrapper.framework; name = CoreGraphics.framework; path = System/Library/Frameworks/CoreGraphics.framework; sourceTree = SDKROOT; };
		D8D3AA851B66A36F00DA1762 /* CoreImage.framework */ = {isa = PBXFileReference; lastKnownFileType = wrapper.framework; name = CoreImage.framework; path = System/Library/Frameworks/CoreImage.framework; sourceTree = SDKROOT; };
		D8D3AA861B66A36F00DA1762 /* CoreLocation.framework */ = {isa = PBXFileReference; lastKnownFileType = wrapper.framework; name = CoreLocation.framework; path = System/Library/Frameworks/CoreLocation.framework; sourceTree = SDKROOT; };
		D8D3AA871B66A36F00DA1762 /* CoreMedia.framework */ = {isa = PBXFileReference; lastKnownFileType = wrapper.framework; name = CoreMedia.framework; path = System/Library/Frameworks/CoreMedia.framework; sourceTree = SDKROOT; };
		D8D3AA881B66A36F00DA1762 /* CoreTelephony.framework */ = {isa = PBXFileReference; lastKnownFileType = wrapper.framework; name = CoreTelephony.framework; path = System/Library/Frameworks/CoreTelephony.framework; sourceTree = SDKROOT; };
		D8D3AA891B66A36F00DA1762 /* CoreText.framework */ = {isa = PBXFileReference; lastKnownFileType = wrapper.framework; name = CoreText.framework; path = System/Library/Frameworks/CoreText.framework; sourceTree = SDKROOT; };
		D8D3AA8A1B66A36F00DA1762 /* CoreVideo.framework */ = {isa = PBXFileReference; lastKnownFileType = wrapper.framework; name = CoreVideo.framework; path = System/Library/Frameworks/CoreVideo.framework; sourceTree = SDKROOT; };
		D8D3AA8B1B66A36F00DA1762 /* EventKit.framework */ = {isa = PBXFileReference; lastKnownFileType = wrapper.framework; name = EventKit.framework; path = System/Library/Frameworks/EventKit.framework; sourceTree = SDKROOT; };
		D8D3AA8C1B66A36F00DA1762 /* Foundation.framework */ = {isa = PBXFileReference; lastKnownFileType = wrapper.framework; name = Foundation.framework; path = System/Library/Frameworks/Foundation.framework; sourceTree = SDKROOT; };
		D8D3AA8D1B66A36F00DA1762 /* ImageIO.framework */ = {isa = PBXFileReference; lastKnownFileType = wrapper.framework; name = ImageIO.framework; path = System/Library/Frameworks/ImageIO.framework; sourceTree = SDKROOT; };
		D8D3AA8E1B66A36F00DA1762 /* MapKit.framework */ = {isa = PBXFileReference; lastKnownFileType = wrapper.framework; name = MapKit.framework; path = System/Library/Frameworks/MapKit.framework; sourceTree = SDKROOT; };
		D8D3AA8F1B66A36F00DA1762 /* MediaPlayer.framework */ = {isa = PBXFileReference; lastKnownFileType = wrapper.framework; name = MediaPlayer.framework; path = System/Library/Frameworks/MediaPlayer.framework; sourceTree = SDKROOT; };
		D8D3AA901B66A36F00DA1762 /* MessageUI.framework */ = {isa = PBXFileReference; lastKnownFileType = wrapper.framework; name = MessageUI.framework; path = System/Library/Frameworks/MessageUI.framework; sourceTree = SDKROOT; };
		D8D3AA911B66A36F00DA1762 /* MobileCoreServices.framework */ = {isa = PBXFileReference; lastKnownFileType = wrapper.framework; name = MobileCoreServices.framework; path = System/Library/Frameworks/MobileCoreServices.framework; sourceTree = SDKROOT; };
		D8D3AA921B66A36F00DA1762 /* OpenGLES.framework */ = {isa = PBXFileReference; lastKnownFileType = wrapper.framework; name = OpenGLES.framework; path = System/Library/Frameworks/OpenGLES.framework; sourceTree = SDKROOT; };
		D8D3AA931B66A36F00DA1762 /* QuartzCore.framework */ = {isa = PBXFileReference; lastKnownFileType = wrapper.framework; name = QuartzCore.framework; path = System/Library/Frameworks/QuartzCore.framework; sourceTree = SDKROOT; };
		D8D3AA941B66A36F00DA1762 /* Security.framework */ = {isa = PBXFileReference; lastKnownFileType = wrapper.framework; name = Security.framework; path = System/Library/Frameworks/Security.framework; sourceTree = SDKROOT; };
		D8D3AA961B66A36F00DA1762 /* SystemConfiguration.framework */ = {isa = PBXFileReference; lastKnownFileType = wrapper.framework; name = SystemConfiguration.framework; path = System/Library/Frameworks/SystemConfiguration.framework; sourceTree = SDKROOT; };
		D8D3AA971B66A36F00DA1762 /* UIKit.framework */ = {isa = PBXFileReference; lastKnownFileType = wrapper.framework; name = UIKit.framework; path = System/Library/Frameworks/UIKit.framework; sourceTree = SDKROOT; };
		D8EF94051BC32DC70068CAA0 /* ECDBugReportEmailer.h */ = {isa = PBXFileReference; lastKnownFileType = sourcecode.c.h; path = ECDBugReportEmailer.h; sourceTree = "<group>"; };
		D8EF94061BC32DED0068CAA0 /* ECDBugReportEmailer.m */ = {isa = PBXFileReference; fileEncoding = 4; lastKnownFileType = sourcecode.c.objc; path = ECDBugReportEmailer.m; sourceTree = "<group>"; };
		E51DEB25660943D05680D79A /* libPods.a */ = {isa = PBXFileReference; explicitFileType = archive.ar; includeInIndex = 0; path = libPods.a; sourceTree = BUILT_PRODUCTS_DIR; };
/* End PBXFileReference section */

/* Begin PBXFrameworksBuildPhase section */
		03978F041A602B2D007793D6 /* Frameworks */ = {
			isa = PBXFrameworksBuildPhase;
			buildActionMask = 2147483647;
			files = (
				D87F2F711B6835A400B7B9D5 /* MediaPlayer.framework in Frameworks */,
				D81614EC1B7916D7005BD20E /* libxml2.dylib in Frameworks */,
				D87F2F6B1B6835A400B7B9D5 /* CoreText.framework in Frameworks */,
				D87F2F671B6835A400B7B9D5 /* CoreImage.framework in Frameworks */,
				D87F2F6F1B6835A400B7B9D5 /* ImageIO.framework in Frameworks */,
				D87F2F781B6835A400B7B9D5 /* SystemConfiguration.framework in Frameworks */,
				D87F2F5A1B68354200B7B9D5 /* libstdc++.6.dylib in Frameworks */,
				D81614EA1B79169B005BD20E /* CoreAudio.framework in Frameworks */,
				D81612F71B6AB6BE005BD20E /* libsqlite3.dylib in Frameworks */,
				D81612F31B6AB60D005BD20E /* GLKit.framework in Frameworks */,
				D81612F11B6AB607005BD20E /* libicucore.dylib in Frameworks */,
				C4D188FE1BE2755A00049A36 /* EXPERTconnect.framework in Frameworks */,
				D87F2F5D1B6835A400B7B9D5 /* Accelerate.framework in Frameworks */,
				D87F2F601B6835A400B7B9D5 /* AssetsLibrary.framework in Frameworks */,
				D87F2F611B6835A400B7B9D5 /* AudioToolbox.framework in Frameworks */,
				D87F2F621B6835A400B7B9D5 /* AVFoundation.framework in Frameworks */,
				D87F2F631B6835A400B7B9D5 /* CFNetwork.framework in Frameworks */,
				D87F2F641B6835A400B7B9D5 /* CoreBluetooth.framework in Frameworks */,
				D87F2F651B6835A400B7B9D5 /* CoreFoundation.framework in Frameworks */,
				D87F2F661B6835A400B7B9D5 /* CoreGraphics.framework in Frameworks */,
				D87F2F681B6835A400B7B9D5 /* CoreLocation.framework in Frameworks */,
				D87F2F691B6835A400B7B9D5 /* CoreMedia.framework in Frameworks */,
				D87F2F6A1B6835A400B7B9D5 /* CoreTelephony.framework in Frameworks */,
				D87F2F6C1B6835A400B7B9D5 /* CoreVideo.framework in Frameworks */,
				C47F52E41CAEBF140098A0BC /* StoreKit.framework in Frameworks */,
				D87F2F6D1B6835A400B7B9D5 /* EventKit.framework in Frameworks */,
				D87F2F6E1B6835A400B7B9D5 /* Foundation.framework in Frameworks */,
				D87F2F701B6835A400B7B9D5 /* MapKit.framework in Frameworks */,
				D87F2F721B6835A400B7B9D5 /* MessageUI.framework in Frameworks */,
				D87F2F731B6835A400B7B9D5 /* MobileCoreServices.framework in Frameworks */,
				D87F2F741B6835A400B7B9D5 /* OpenGLES.framework in Frameworks */,
				D87F2F751B6835A400B7B9D5 /* QuartzCore.framework in Frameworks */,
				D87F2F761B6835A400B7B9D5 /* Security.framework in Frameworks */,
				C47F52DD1CAC90900098A0BC /* AirshipKit.framework in Frameworks */,
				D87F2F791B6835A400B7B9D5 /* UIKit.framework in Frameworks */,
				D87F2F5C1B68355000B7B9D5 /* libz.dylib in Frameworks */,
				D87F2F5B1B68354B00B7B9D5 /* libxml2.2.dylib in Frameworks */,
				D87F2F591B68353500B7B9D5 /* libc++.dylib in Frameworks */,
			);
			runOnlyForDeploymentPostprocessing = 0;
		};
		03978F1D1A602B2D007793D6 /* Frameworks */ = {
			isa = PBXFrameworksBuildPhase;
			buildActionMask = 2147483647;
			files = (
			);
			runOnlyForDeploymentPostprocessing = 0;
		};
/* End PBXFrameworksBuildPhase section */

/* Begin PBXGroup section */
		03243FD01A65570300A4CE6D /* Frameworks */ = {
			isa = PBXGroup;
			children = (
				C47F52E31CAEBF140098A0BC /* StoreKit.framework */,
				D81614FB1B792B3A005BD20E /* ACBClientSDK.framework */,
				D81614EB1B7916D7005BD20E /* libxml2.dylib */,
				D81612F61B6AB6BE005BD20E /* libsqlite3.dylib */,
				D81612F01B6AB607005BD20E /* libicucore.dylib */,
				D81614E91B79169B005BD20E /* CoreAudio.framework */,
				D81612F21B6AB60D005BD20E /* GLKit.framework */,
				D8D3AA7B1B66A36F00DA1762 /* Accelerate.framework */,
				D8D3AA7C1B66A36F00DA1762 /* AddressBook.framework */,
				D8D3AA7D1B66A36F00DA1762 /* AddressBookUI.framework */,
				D8D3AA7E1B66A36F00DA1762 /* AssetsLibrary.framework */,
				D8D3AA7F1B66A36F00DA1762 /* AudioToolbox.framework */,
				D8D3AA801B66A36F00DA1762 /* AVFoundation.framework */,
				D8D3AA811B66A36F00DA1762 /* CFNetwork.framework */,
				D8D3AA821B66A36F00DA1762 /* CoreBluetooth.framework */,
				D8D3AA831B66A36F00DA1762 /* CoreFoundation.framework */,
				D8D3AA841B66A36F00DA1762 /* CoreGraphics.framework */,
				D8D3AA851B66A36F00DA1762 /* CoreImage.framework */,
				D8D3AA861B66A36F00DA1762 /* CoreLocation.framework */,
				D8D3AA871B66A36F00DA1762 /* CoreMedia.framework */,
				D8D3AA881B66A36F00DA1762 /* CoreTelephony.framework */,
				D8D3AA891B66A36F00DA1762 /* CoreText.framework */,
				D8D3AA8A1B66A36F00DA1762 /* CoreVideo.framework */,
				D8D3AA8B1B66A36F00DA1762 /* EventKit.framework */,
				D8D3AA8C1B66A36F00DA1762 /* Foundation.framework */,
				D8D3AA8D1B66A36F00DA1762 /* ImageIO.framework */,
				D8D3AA8E1B66A36F00DA1762 /* MapKit.framework */,
				D8D3AA8F1B66A36F00DA1762 /* MediaPlayer.framework */,
				D8D3AA901B66A36F00DA1762 /* MessageUI.framework */,
				D8D3AA911B66A36F00DA1762 /* MobileCoreServices.framework */,
				D8D3AA921B66A36F00DA1762 /* OpenGLES.framework */,
				D8D3AA931B66A36F00DA1762 /* QuartzCore.framework */,
				D8D3AA941B66A36F00DA1762 /* Security.framework */,
				D8D3AA961B66A36F00DA1762 /* SystemConfiguration.framework */,
				D8D3AA971B66A36F00DA1762 /* UIKit.framework */,
				D8D3AA791B66A30D00DA1762 /* libz.dylib */,
				D8D3AA771B66A30300DA1762 /* libxml2.2.dylib */,
				D8D3AA751B66A2FA00DA1762 /* libstdc++.6.dylib */,
				D8D3AA731B66A2EC00DA1762 /* libc++.dylib */,
				E51DEB25660943D05680D79A /* libPods.a */,
			);
			path = Frameworks;
			sourceTree = "<group>";
		};
		033A39851AD579FC006B34B2 /* User */ = {
			isa = PBXGroup;
			children = (
				C443887F1D0B553100F42A7A /* Configuration Views */,
				C4D0E5221C74B7C60032925F /* Picker Views */,
				C47F52D21CAC54030098A0BC /* ECDPersonasViewController.h */,
				C47F52D31CAC54030098A0BC /* ECDPersonasViewController.m */,
				C47F52D41CAC54030098A0BC /* ECDPersonasViewController.xib */,
				466A7EFE1B6FCC3F00A48DAC /* ECDAdHocViewController.h */,
				466A7EFF1B6FCC5A00A48DAC /* ECDAdHocViewController.m */,
				466A7EFC1B6FCB8300A48DAC /* ECDAdHocViewController.xib */,
				467257F71B7E5D1D0091BE51 /* ECDAdHocFormsController.h */,
				467257F51B7E5D0D0091BE51 /* ECDAdHocFormsController.m */,
				467257F31B7E5CF40091BE51 /* ECDAdHocFormsController.xib */,
				03CF885C1AD5B45E0064085E /* ECDSettingsViewController.h */,
				03CF885D1AD5B45E0064085E /* ECDSettingsViewController.m */,
				03CF885E1AD5B45E0064085E /* ECDSettingsViewController.xib */,
				033A39861AD579FC006B34B2 /* ECDLoginViewController.h */,
				033A39871AD579FC006B34B2 /* ECDLoginViewController.m */,
				033A39881AD579FC006B34B2 /* ECDLoginViewController.xib */,
				033A39891AD579FC006B34B2 /* ECDRegisterViewController.h */,
				033A398A1AD579FC006B34B2 /* ECDRegisterViewController.m */,
				033A398B1AD579FC006B34B2 /* ECDRegisterViewController.xib */,
				0301CBFD1B0634C50068A0E1 /* ECDLicenseViewController.h */,
				0301CBFE1B0634C50068A0E1 /* ECDLicenseViewController.m */,
				0301CBFF1B0634C50068A0E1 /* ECDLicenseViewController.xib */,
				0301CC021B063C880068A0E1 /* ECDLicenses.txt */,
				C1DBB4FA1BE88F8F00A61B61 /* ECDWorkflowViewController.h */,
				C1DBB4FB1BE88F8F00A61B61 /* ECDWorkflowViewController.m */,
				C1DBB4FC1BE88F8F00A61B61 /* ECDWorkflowViewController.xib */,
				4679BD991B7A527D002E2D9E /* ECDExtendedUserProfileViewController.h */,
				4679BD9A1B7A528E002E2D9E /* ECDExtendedUserProfileViewController.m */,
				4679BD971B7A525C002E2D9E /* ECDExtendedUserProfileViewController.xib */,
				462E1DF41B7BD52B00AFC62D /* ECDAPIConfigViewController.h */,
				462E1DF21B7BD52000AFC62D /* ECDAPIConfigViewController.m */,
				462E1DF01B7BD50800AFC62D /* ECDAPIConfigViewController.xib */,
				C1E0E6321BC409ED0089C7E6 /* ECDCalendarViewController.h */,
				C1E0E6331BC409ED0089C7E6 /* ECDCalendarViewController.m */,
				C1E0E6341BC409ED0089C7E6 /* ECDCalendarViewController.xib */,
				C1E99D051BC7C7A6000EC129 /* ECDTextEditorViewController.h */,
				C1E99D061BC7C7A6000EC129 /* ECDTextEditorViewController.m */,
				C1D2E4FF1C185BC300678FB5 /* ECDCustomizeThemeViewController.h */,
				C1D2E5001C185BC300678FB5 /* ECDCustomizeThemeViewController.m */,
				C1D2E5011C185BC300678FB5 /* ECDCustomizeThemeViewController.xib */,
				C4D0E5281C74C19E0032925F /* ECDBeaconViewController.h */,
				C4D0E5291C74C19E0032925F /* ECDBeaconViewController.m */,
				C4D0E52A1C74C19E0032925F /* ECDBeaconViewController.xib */,
			);
			path = User;
			sourceTree = "<group>";
		};
		033ACB3F1A602CC00024F48F /* ViewControllers */ = {
			isa = PBXGroup;
			children = (
				C45AC03E1C206E2800625004 /* Proof_of_Concept */,
				033A39851AD579FC006B34B2 /* User */,
				033ACB401A602CC00024F48F /* Root */,
			);
			path = ViewControllers;
			sourceTree = "<group>";
		};
		033ACB401A602CC00024F48F /* Root */ = {
			isa = PBXGroup;
			children = (
				033ACB411A602CC00024F48F /* ECDMainMenuViewController.h */,
				033ACB421A602CC00024F48F /* ECDMainMenuViewController.m */,
				033ACB431A602CC00024F48F /* ECDMainMenuViewController.xib */,
				033ACB441A602CC00024F48F /* ECDRootViewController.h */,
				033ACB451A602CC00024F48F /* ECDRootViewController.m */,
				033ACB461A602CC00024F48F /* ECDRootViewController.xib */,
				033ACB471A602CC00024F48F /* ECDZoomViewController.h */,
				033ACB481A602CC00024F48F /* ECDZoomViewController.m */,
				033ACB491A602CC00024F48F /* ECDZoomViewController.xib */,
				03243FDA1A656FB300A4CE6D /* ECDNavigationController.h */,
				03243FDB1A656FB300A4CE6D /* ECDNavigationController.m */,
				22CD2EEC1A840142003ED9E4 /* ECDSplashViewController.h */,
				22CD2EED1A840142003ED9E4 /* ECDSplashViewController.m */,
				22CD2EEE1A840142003ED9E4 /* ECDSplashViewController.xib */,
			);
			path = Root;
			sourceTree = "<group>";
		};
		033ACB4A1A602CC00024F48F /* Views */ = {
			isa = PBXGroup;
			children = (
				C4D0E51D1C723A630032925F /* iBeaconViewController.h */,
				C4D0E51E1C723A630032925F /* iBeaconViewController.m */,
				C4D0E51F1C723A630032925F /* iBeaconViewController.xib */,
				033ACB4B1A602CC00024F48F /* Cells */,
				033ACB4F1A602CC00024F48F /* Theme */,
			);
			path = Views;
			sourceTree = "<group>";
		};
		033ACB4B1A602CC00024F48F /* Cells */ = {
			isa = PBXGroup;
			children = (
				033ACB4C1A602CC00024F48F /* ECDMainMenuTableViewCell.h */,
				033ACB4D1A602CC00024F48F /* ECDMainMenuTableViewCell.m */,
				033ACB4E1A602CC00024F48F /* ECDMainMenuTableViewCell.xib */,
			);
			path = Cells;
			sourceTree = "<group>";
		};
		033ACB4F1A602CC00024F48F /* Theme */ = {
			isa = PBXGroup;
			children = (
				033ACB501A602CC00024F48F /* ECDDefaultTheme.h */,
				033ACB511A602CC00024F48F /* ECDDefaultTheme.m */,
				0301CBFB1B0626900068A0E1 /* ECDDefaultTheme.css */,
			);
			path = Theme;
			sourceTree = "<group>";
		};
		03978EFE1A602B2D007793D6 = {
			isa = PBXGroup;
			children = (
				C47F52D71CAC90770098A0BC /* AirshipKit.xcodeproj */,
				C4D188FD1BE2755A00049A36 /* EXPERTconnect.framework */,
				9F5B9BAA1AF2C3FE002770C0 /* Settings.bundle */,
				03D452181AC1DB4C003607C4 /* AirshipConfig.plist */,
				0368D77A1B3AEAD800985673 /* Localizable.strings */,
				03243FD01A65570300A4CE6D /* Frameworks */,
				03978F091A602B2D007793D6 /* EXPERTconnectDemo */,
				03978F231A602B2D007793D6 /* EXPERTconnectDemoTests */,
				03978F081A602B2D007793D6 /* Products */,
			);
			sourceTree = "<group>";
		};
		03978F081A602B2D007793D6 /* Products */ = {
			isa = PBXGroup;
			children = (
				03978F071A602B2D007793D6 /* EXPERTconnectDemo.app */,
				03978F201A602B2D007793D6 /* EXPERTconnectDemoTests.xctest */,
			);
			name = Products;
			sourceTree = "<group>";
		};
		03978F091A602B2D007793D6 /* EXPERTconnectDemo */ = {
			isa = PBXGroup;
			children = (
				4695C3781B5D7B8600C95878 /* UI */,
				033ACB3E1A602CC00024F48F /* MainMenuConfig.json */,
				462C19261B7BC3CF00E230B7 /* UserProfile.json */,
				033ACB3F1A602CC00024F48F /* ViewControllers */,
				033ACB4A1A602CC00024F48F /* Views */,
				03978F0E1A602B2D007793D6 /* AppDelegate.h */,
				03978F0F1A602B2D007793D6 /* AppDelegate.m */,
				C4D0E5181C6A409A0032925F /* AppConfig.h */,
				C4D0E5191C6A409A0032925F /* AppConfig.m */,
				03978F171A602B2D007793D6 /* Images.xcassets */,
				03978F191A602B2D007793D6 /* LaunchScreen.xib */,
				03978F0A1A602B2D007793D6 /* Supporting Files */,
				03CF88611AD5C7220064085E /* ECDUserDefaultKeys.h */,
			);
			path = EXPERTconnectDemo;
			sourceTree = "<group>";
		};
		03978F0A1A602B2D007793D6 /* Supporting Files */ = {
			isa = PBXGroup;
			children = (
				03978F0B1A602B2D007793D6 /* Info.plist */,
				03978F0C1A602B2D007793D6 /* main.m */,
			);
			name = "Supporting Files";
			sourceTree = "<group>";
		};
		03978F231A602B2D007793D6 /* EXPERTconnectDemoTests */ = {
			isa = PBXGroup;
			children = (
				03978F261A602B2D007793D6 /* EXPERTconnectDemoTests.m */,
				03978F241A602B2D007793D6 /* Supporting Files */,
			);
			path = EXPERTconnectDemoTests;
			sourceTree = "<group>";
		};
		03978F241A602B2D007793D6 /* Supporting Files */ = {
			isa = PBXGroup;
			children = (
				03978F251A602B2D007793D6 /* Info.plist */,
			);
			name = "Supporting Files";
			sourceTree = "<group>";
		};
		4695C3781B5D7B8600C95878 /* UI */ = {
			isa = PBXGroup;
			children = (
				4695C3791B5D7B9100C95878 /* Common */,
			);
			name = UI;
			sourceTree = "<group>";
		};
		4695C3791B5D7B9100C95878 /* Common */ = {
			isa = PBXGroup;
			children = (
				4695C37B1B5D802F00C95878 /* ECDLocalization.m */,
				4695C37E1B5D805200C95878 /* ECDLocalization.h */,
				D8EF94061BC32DED0068CAA0 /* ECDBugReportEmailer.m */,
				D8EF94051BC32DC70068CAA0 /* ECDBugReportEmailer.h */,
			);
			name = Common;
			sourceTree = "<group>";
		};
		C443887F1D0B553100F42A7A /* Configuration Views */ = {
			isa = PBXGroup;
			children = (
				C44388801D0B555000F42A7A /* ECDChatConfigVC.h */,
				C44388811D0B555000F42A7A /* ECDChatConfigVC.m */,
				C44388821D0B555000F42A7A /* ECDChatConfigVC.xib */,
			);
			name = "Configuration Views";
			sourceTree = "<group>";
		};
		C45AC03E1C206E2800625004 /* Proof_of_Concept */ = {
			isa = PBXGroup;
			children = (
				C47E67721C493F6E00E7CEF3 /* ECDSimpleAnswerEngineController.h */,
				C47E67731C493F6E00E7CEF3 /* ECDSimpleAnswerEngineController.m */,
				C45AC0421C206FCC00625004 /* ECDSimpleChatViewController.h */,
				C45AC0431C206FCC00625004 /* ECDSimpleChatViewController.m */,
			);
			name = Proof_of_Concept;
			sourceTree = "<group>";
		};
		C47F52D81CAC90770098A0BC /* Products */ = {
			isa = PBXGroup;
			children = (
				C47F52DC1CAC90770098A0BC /* AirshipKit.framework */,
			);
			name = Products;
			sourceTree = "<group>";
		};
		C4D0E5221C74B7C60032925F /* Picker Views */ = {
			isa = PBXGroup;
			children = (
				46BA32F61B604E6600E5C270 /* ECDEnvironmentPicker.h */,
				46BA32F71B604E7D00E5C270 /* ECDEnvironmentPicker.m */,
				C4D189CC1BD02E7E007A7047 /* ECDOrganizationPicker.h */,
				C4D189CD1BD02E7E007A7047 /* ECDOrganizationPicker.m */,
				46BA32F91B60559000E5C270 /* ECDRunModePicker.h */,
				46BA32FA1B6055A500E5C270 /* ECDRunModePicker.m */,
				46368EC01B7107C7001AA48B /* ECDAdHocChatPicker.h */,
				46368EC11B7107DE001AA48B /* ECDAdHocChatPicker.m */,
				D890F74F1B96147D00B75692 /* ECDAdHocVideoChatPicker.h */,
				D890F74D1B96146F00B75692 /* ECDAdHocVideoChatPicker.m */,
				46368EC51B7149A4001AA48B /* ECDAdHocAnswerEngineContextPicker.h */,
				46368EC31B714999001AA48B /* ECDAdHocAnswerEngineContextPicker.m */,
				4643F6111B73E26600F0AF7E /* ECDAdHocVoiceCallbackPicker.h */,
				4643F6121B73E27400F0AF7E /* ECDAdHocVoiceCallbackPicker.m */,
				46BA32FC1B60563C00E5C270 /* ECDUIPicker.h */,
				46BA32FD1B60564C00E5C270 /* ECDUIPicker.m */,
				46222EFE1B72BF470096F2CB /* ECDAdHocFormsPicker.h */,
				46222EFC1B72BF390096F2CB /* ECDAdHocFormsPicker.m */,
				4643F6141B73E4B600F0AF7E /* ECDAdHocWebPagePicker.m */,
				4643F6161B73E4C100F0AF7E /* ECDAdHocWebPagePicker.h */,
			);
			name = "Picker Views";
			sourceTree = "<group>";
		};
/* End PBXGroup section */

/* Begin PBXNativeTarget section */
		03978F061A602B2D007793D6 /* EXPERTconnectDemo */ = {
			isa = PBXNativeTarget;
			buildConfigurationList = 03978F2A1A602B2D007793D6 /* Build configuration list for PBXNativeTarget "EXPERTconnectDemo" */;
			buildPhases = (
				03978F031A602B2D007793D6 /* Sources */,
				03978F041A602B2D007793D6 /* Frameworks */,
				03978F051A602B2D007793D6 /* Resources */,
				03243FD51A65576B00A4CE6D /* Embed Frameworks */,
			);
			buildRules = (
			);
			dependencies = (
				C47F52E01CAC90900098A0BC /* PBXTargetDependency */,
			);
			name = EXPERTconnectDemo;
			productName = EXPERTconnectDemo;
			productReference = 03978F071A602B2D007793D6 /* EXPERTconnectDemo.app */;
			productType = "com.apple.product-type.application";
		};
		03978F1F1A602B2D007793D6 /* EXPERTconnectDemoTests */ = {
			isa = PBXNativeTarget;
			buildConfigurationList = 03978F2D1A602B2D007793D6 /* Build configuration list for PBXNativeTarget "EXPERTconnectDemoTests" */;
			buildPhases = (
				03978F1C1A602B2D007793D6 /* Sources */,
				03978F1D1A602B2D007793D6 /* Frameworks */,
				03978F1E1A602B2D007793D6 /* Resources */,
			);
			buildRules = (
			);
			dependencies = (
				03978F221A602B2D007793D6 /* PBXTargetDependency */,
			);
			name = EXPERTconnectDemoTests;
			productName = EXPERTconnectDemoTests;
			productReference = 03978F201A602B2D007793D6 /* EXPERTconnectDemoTests.xctest */;
			productType = "com.apple.product-type.bundle.unit-test";
		};
/* End PBXNativeTarget section */

/* Begin PBXProject section */
		03978EFF1A602B2D007793D6 /* Project object */ = {
			isa = PBXProject;
			attributes = {
				CLASSPREFIX = ECD;
				LastUpgradeCheck = 0700;
				ORGANIZATIONNAME = "Humanify, Inc.";
				TargetAttributes = {
					03978F061A602B2D007793D6 = {
						CreatedOnToolsVersion = 6.1.1;
						DevelopmentTeam = 4F2XQ7R275;
						SystemCapabilities = {
							com.apple.BackgroundModes = {
								enabled = 1;
							};
							com.apple.InAppPurchase = {
								enabled = 1;
							};
						};
					};
					03978F1F1A602B2D007793D6 = {
						CreatedOnToolsVersion = 6.1.1;
						DevelopmentTeam = 4F2XQ7R275;
						TestTargetID = 03978F061A602B2D007793D6;
					};
				};
			};
			buildConfigurationList = 03978F021A602B2D007793D6 /* Build configuration list for PBXProject "EXPERTconnectDemo" */;
			compatibilityVersion = "Xcode 3.2";
			developmentRegion = English;
			hasScannedForEncodings = 0;
			knownRegions = (
				en,
				Base,
				fr,
				es,
			);
			mainGroup = 03978EFE1A602B2D007793D6;
			productRefGroup = 03978F081A602B2D007793D6 /* Products */;
			projectDirPath = "";
			projectReferences = (
				{
					ProductGroup = C47F52D81CAC90770098A0BC /* Products */;
					ProjectRef = C47F52D71CAC90770098A0BC /* AirshipKit.xcodeproj */;
				},
			);
			projectRoot = "";
			targets = (
				03978F061A602B2D007793D6 /* EXPERTconnectDemo */,
				03978F1F1A602B2D007793D6 /* EXPERTconnectDemoTests */,
			);
		};
/* End PBXProject section */

/* Begin PBXReferenceProxy section */
		C47F52DC1CAC90770098A0BC /* AirshipKit.framework */ = {
			isa = PBXReferenceProxy;
			fileType = wrapper.framework;
			path = AirshipKit.framework;
			remoteRef = C47F52DB1CAC90770098A0BC /* PBXContainerItemProxy */;
			sourceTree = BUILT_PRODUCTS_DIR;
		};
/* End PBXReferenceProxy section */

/* Begin PBXResourcesBuildPhase section */
		03978F051A602B2D007793D6 /* Resources */ = {
			isa = PBXResourcesBuildPhase;
			buildActionMask = 2147483647;
			files = (
				0368D77D1B3AEADC00985673 /* Localizable.strings in Resources */,
				0301CBFC1B0626900068A0E1 /* ECDDefaultTheme.css in Resources */,
				C1DBB4FE1BE88F8F00A61B61 /* ECDWorkflowViewController.xib in Resources */,
				C1D2E5031C185BC400678FB5 /* ECDCustomizeThemeViewController.xib in Resources */,
				22CD2EF01A840142003ED9E4 /* ECDSplashViewController.xib in Resources */,
				033A398F1AD579FC006B34B2 /* ECDRegisterViewController.xib in Resources */,
				C4D0E5211C723A630032925F /* iBeaconViewController.xib in Resources */,
				033ACB541A602CC00024F48F /* ECDMainMenuViewController.xib in Resources */,
				03978F1B1A602B2D007793D6 /* LaunchScreen.xib in Resources */,
				03D452191AC1DB4C003607C4 /* AirshipConfig.plist in Resources */,
				462C19271B7BC3CF00E230B7 /* UserProfile.json in Resources */,
				C47F52D61CAC54030098A0BC /* ECDPersonasViewController.xib in Resources */,
				033ACB581A602CC00024F48F /* ECDZoomViewController.xib in Resources */,
				9F5B9BAB1AF2C3FE002770C0 /* Settings.bundle in Resources */,
				C4D0E52C1C74C19E0032925F /* ECDBeaconViewController.xib in Resources */,
				03978F181A602B2D007793D6 /* Images.xcassets in Resources */,
				467257F41B7E5CF40091BE51 /* ECDAdHocFormsController.xib in Resources */,
				033ACB521A602CC00024F48F /* MainMenuConfig.json in Resources */,
				4679BD981B7A525C002E2D9E /* ECDExtendedUserProfileViewController.xib in Resources */,
				0301CC011B0634C50068A0E1 /* ECDLicenseViewController.xib in Resources */,
				033A398D1AD579FC006B34B2 /* ECDLoginViewController.xib in Resources */,
				033ACB5A1A602CC00024F48F /* ECDMainMenuTableViewCell.xib in Resources */,
				03CF88601AD5B45E0064085E /* ECDSettingsViewController.xib in Resources */,
				C44388841D0B555000F42A7A /* ECDChatConfigVC.xib in Resources */,
				462E1DF11B7BD50800AFC62D /* ECDAPIConfigViewController.xib in Resources */,
				0301CC031B063C880068A0E1 /* ECDLicenses.txt in Resources */,
				C1E0E6361BC409ED0089C7E6 /* ECDCalendarViewController.xib in Resources */,
				033ACB561A602CC00024F48F /* ECDRootViewController.xib in Resources */,
				466A7EFD1B6FCB8300A48DAC /* ECDAdHocViewController.xib in Resources */,
			);
			runOnlyForDeploymentPostprocessing = 0;
		};
		03978F1E1A602B2D007793D6 /* Resources */ = {
			isa = PBXResourcesBuildPhase;
			buildActionMask = 2147483647;
			files = (
			);
			runOnlyForDeploymentPostprocessing = 0;
		};
/* End PBXResourcesBuildPhase section */

/* Begin PBXSourcesBuildPhase section */
		03978F031A602B2D007793D6 /* Sources */ = {
			isa = PBXSourcesBuildPhase;
			buildActionMask = 2147483647;
			files = (
				C47E67741C493F6E00E7CEF3 /* ECDSimpleAnswerEngineController.m in Sources */,
				0301CC001B0634C50068A0E1 /* ECDLicenseViewController.m in Sources */,
				C1DBB4FD1BE88F8F00A61B61 /* ECDWorkflowViewController.m in Sources */,
				4643F6131B73E27400F0AF7E /* ECDAdHocVoiceCallbackPicker.m in Sources */,
				033A398E1AD579FC006B34B2 /* ECDRegisterViewController.m in Sources */,
				C4D0E51A1C6A409A0032925F /* AppConfig.m in Sources */,
				033ACB5B1A602CC00024F48F /* ECDDefaultTheme.m in Sources */,
				4643F6151B73E4B600F0AF7E /* ECDAdHocWebPagePicker.m in Sources */,
				462E1DF31B7BD52000AFC62D /* ECDAPIConfigViewController.m in Sources */,
				C47F52D51CAC54030098A0BC /* ECDPersonasViewController.m in Sources */,
				03243FDC1A656FB300A4CE6D /* ECDNavigationController.m in Sources */,
				03978F101A602B2D007793D6 /* AppDelegate.m in Sources */,
				033ACB571A602CC00024F48F /* ECDZoomViewController.m in Sources */,
				03CF885F1AD5B45E0064085E /* ECDSettingsViewController.m in Sources */,
				467257F61B7E5D0D0091BE51 /* ECDAdHocFormsController.m in Sources */,
				033A398C1AD579FC006B34B2 /* ECDLoginViewController.m in Sources */,
				D8EF94071BC32DED0068CAA0 /* ECDBugReportEmailer.m in Sources */,
				03978F0D1A602B2D007793D6 /* main.m in Sources */,
				C1E0E6351BC409ED0089C7E6 /* ECDCalendarViewController.m in Sources */,
				D890F74E1B96146F00B75692 /* ECDAdHocVideoChatPicker.m in Sources */,
				C4D0E52B1C74C19E0032925F /* ECDBeaconViewController.m in Sources */,
				033ACB591A602CC00024F48F /* ECDMainMenuTableViewCell.m in Sources */,
				033ACB551A602CC00024F48F /* ECDRootViewController.m in Sources */,
				C44388831D0B555000F42A7A /* ECDChatConfigVC.m in Sources */,
				C1E99D071BC7C7A6000EC129 /* ECDTextEditorViewController.m in Sources */,
				4679BD9B1B7A528E002E2D9E /* ECDExtendedUserProfileViewController.m in Sources */,
				033ACB531A602CC00024F48F /* ECDMainMenuViewController.m in Sources */,
				46BA32FB1B6055A500E5C270 /* ECDRunModePicker.m in Sources */,
				22CD2EEF1A840142003ED9E4 /* ECDSplashViewController.m in Sources */,
				46368EC21B7107DE001AA48B /* ECDAdHocChatPicker.m in Sources */,
				46BA32F81B604E7D00E5C270 /* ECDEnvironmentPicker.m in Sources */,
				C4D0E5201C723A630032925F /* iBeaconViewController.m in Sources */,
				C4D189CE1BD02E7E007A7047 /* ECDOrganizationPicker.m in Sources */,
				46368EC41B714999001AA48B /* ECDAdHocAnswerEngineContextPicker.m in Sources */,
				C1D2E5021C185BC400678FB5 /* ECDCustomizeThemeViewController.m in Sources */,
				46222EFD1B72BF390096F2CB /* ECDAdHocFormsPicker.m in Sources */,
				466A7F001B6FCC5A00A48DAC /* ECDAdHocViewController.m in Sources */,
				46BA32FE1B60564C00E5C270 /* ECDUIPicker.m in Sources */,
				4695C37C1B5D802F00C95878 /* ECDLocalization.m in Sources */,
				C45AC0441C206FCC00625004 /* ECDSimpleChatViewController.m in Sources */,
			);
			runOnlyForDeploymentPostprocessing = 0;
		};
		03978F1C1A602B2D007793D6 /* Sources */ = {
			isa = PBXSourcesBuildPhase;
			buildActionMask = 2147483647;
			files = (
				03978F271A602B2D007793D6 /* EXPERTconnectDemoTests.m in Sources */,
			);
			runOnlyForDeploymentPostprocessing = 0;
		};
/* End PBXSourcesBuildPhase section */

/* Begin PBXTargetDependency section */
		03978F221A602B2D007793D6 /* PBXTargetDependency */ = {
			isa = PBXTargetDependency;
			target = 03978F061A602B2D007793D6 /* EXPERTconnectDemo */;
			targetProxy = 03978F211A602B2D007793D6 /* PBXContainerItemProxy */;
		};
		C47F52E01CAC90900098A0BC /* PBXTargetDependency */ = {
			isa = PBXTargetDependency;
			name = AirshipKit;
			targetProxy = C47F52DF1CAC90900098A0BC /* PBXContainerItemProxy */;
		};
/* End PBXTargetDependency section */

/* Begin PBXVariantGroup section */
		0368D77A1B3AEAD800985673 /* Localizable.strings */ = {
			isa = PBXVariantGroup;
			children = (
				0368D7791B3AEAD800985673 /* Base */,
				0368D77B1B3AEADB00985673 /* en */,
				0368D77C1B3AEADC00985673 /* fr */,
				46004D531B5D60F900E78A83 /* es */,
			);
			name = Localizable.strings;
			path = EXPERTconnectDemo;
			sourceTree = "<group>";
		};
		03978F191A602B2D007793D6 /* LaunchScreen.xib */ = {
			isa = PBXVariantGroup;
			children = (
				03978F1A1A602B2D007793D6 /* Base */,
				0368D7771B3AEACF00985673 /* fr */,
				46004D521B5D60F900E78A83 /* es */,
			);
			name = LaunchScreen.xib;
			sourceTree = "<group>";
		};
/* End PBXVariantGroup section */

/* Begin XCBuildConfiguration section */
		03978F281A602B2D007793D6 /* Debug */ = {
			isa = XCBuildConfiguration;
			buildSettings = {
				ALWAYS_SEARCH_USER_PATHS = NO;
				CLANG_CXX_LANGUAGE_STANDARD = "gnu++0x";
				CLANG_CXX_LIBRARY = "libc++";
				CLANG_ENABLE_MODULES = YES;
				CLANG_ENABLE_OBJC_ARC = YES;
				CLANG_WARN_BOOL_CONVERSION = YES;
				CLANG_WARN_CONSTANT_CONVERSION = YES;
				CLANG_WARN_DIRECT_OBJC_ISA_USAGE = YES_ERROR;
				CLANG_WARN_EMPTY_BODY = YES;
				CLANG_WARN_ENUM_CONVERSION = YES;
				CLANG_WARN_INT_CONVERSION = YES;
				CLANG_WARN_OBJC_ROOT_CLASS = YES_ERROR;
				CLANG_WARN_UNREACHABLE_CODE = YES;
				CLANG_WARN__DUPLICATE_METHOD_MATCH = YES;
				"CODE_SIGN_IDENTITY[sdk=iphoneos*]" = "iPhone Developer";
				COPY_PHASE_STRIP = NO;
				CURRENT_PROJECT_VERSION = 1.0.0;
				ENABLE_STRICT_OBJC_MSGSEND = YES;
				ENABLE_TESTABILITY = YES;
				GCC_C_LANGUAGE_STANDARD = gnu99;
				GCC_DYNAMIC_NO_PIC = NO;
				GCC_OPTIMIZATION_LEVEL = 0;
				GCC_PREPROCESSOR_DEFINITIONS = (
					"DEBUG=1",
					"$(inherited)",
				);
				GCC_SYMBOLS_PRIVATE_EXTERN = NO;
				GCC_WARN_64_TO_32_BIT_CONVERSION = YES;
				GCC_WARN_ABOUT_RETURN_TYPE = YES_ERROR;
				GCC_WARN_UNDECLARED_SELECTOR = YES;
				GCC_WARN_UNINITIALIZED_AUTOS = YES_AGGRESSIVE;
				GCC_WARN_UNUSED_FUNCTION = YES;
				GCC_WARN_UNUSED_VARIABLE = YES;
				IPHONEOS_DEPLOYMENT_TARGET = 8.1;
				MTL_ENABLE_DEBUG_INFO = YES;
				ONLY_ACTIVE_ARCH = YES;
				PROVISIONING_PROFILE = "cf70cac1-1d92-4e15-a35f-cdedc65297b7";
				SDKROOT = iphoneos;
				TARGETED_DEVICE_FAMILY = "1,2";
				VERSIONING_SYSTEM = "apple-generic";
			};
			name = Debug;
		};
		03978F291A602B2D007793D6 /* Release */ = {
			isa = XCBuildConfiguration;
			buildSettings = {
				ALWAYS_SEARCH_USER_PATHS = NO;
				CLANG_CXX_LANGUAGE_STANDARD = "gnu++0x";
				CLANG_CXX_LIBRARY = "libc++";
				CLANG_ENABLE_MODULES = YES;
				CLANG_ENABLE_OBJC_ARC = YES;
				CLANG_WARN_BOOL_CONVERSION = YES;
				CLANG_WARN_CONSTANT_CONVERSION = YES;
				CLANG_WARN_DIRECT_OBJC_ISA_USAGE = YES_ERROR;
				CLANG_WARN_EMPTY_BODY = YES;
				CLANG_WARN_ENUM_CONVERSION = YES;
				CLANG_WARN_INT_CONVERSION = YES;
				CLANG_WARN_OBJC_ROOT_CLASS = YES_ERROR;
				CLANG_WARN_UNREACHABLE_CODE = YES;
				CLANG_WARN__DUPLICATE_METHOD_MATCH = YES;
				"CODE_SIGN_IDENTITY[sdk=iphoneos*]" = "";
				COPY_PHASE_STRIP = YES;
				CURRENT_PROJECT_VERSION = 1.0.0;
				ENABLE_NS_ASSERTIONS = NO;
				ENABLE_STRICT_OBJC_MSGSEND = YES;
				GCC_C_LANGUAGE_STANDARD = gnu99;
				GCC_WARN_64_TO_32_BIT_CONVERSION = YES;
				GCC_WARN_ABOUT_RETURN_TYPE = YES_ERROR;
				GCC_WARN_UNDECLARED_SELECTOR = YES;
				GCC_WARN_UNINITIALIZED_AUTOS = YES_AGGRESSIVE;
				GCC_WARN_UNUSED_FUNCTION = YES;
				GCC_WARN_UNUSED_VARIABLE = YES;
				IPHONEOS_DEPLOYMENT_TARGET = 8.1;
				MTL_ENABLE_DEBUG_INFO = NO;
				PROVISIONING_PROFILE = "cf70cac1-1d92-4e15-a35f-cdedc65297b7";
				SDKROOT = iphoneos;
				TARGETED_DEVICE_FAMILY = "1,2";
				VALIDATE_PRODUCT = YES;
				VERSIONING_SYSTEM = "apple-generic";
			};
			name = Release;
		};
		03978F2B1A602B2D007793D6 /* Debug */ = {
			isa = XCBuildConfiguration;
			buildSettings = {
				ASSETCATALOG_COMPILER_APPICON_NAME = AppIcon;
				BUNDLEID = com.humanify.EXPERTconnectDemo;
				CODE_SIGN_IDENTITY = "iPhone Developer";
				"CODE_SIGN_IDENTITY[sdk=iphoneos*]" = "iPhone Developer";
				ENABLE_BITCODE = NO;
				FRAMEWORK_SEARCH_PATHS = (
					"$(inherited)",
					"$(PROJECT_DIR)/../artifacts",
				);
				INFOPLIST_FILE = EXPERTconnectDemo/Info.plist;
				LD_NO_PIE = YES;
				LD_RUNPATH_SEARCH_PATHS = "$(inherited) @executable_path/Frameworks";
				OTHER_LDFLAGS = (
					"$(inherited)",
					"-ObjC",
					"-l\"c++\"",
					"-framework",
					"\"Foundation\"",
					"-framework",
					"\"QuartzCore\"",
					"-lc++",
				);
				PRODUCT_BUNDLE_IDENTIFIER = "$(BUNDLEID)";
				PRODUCT_NAME = "$(TARGET_NAME)";
				PROVISIONING_PROFILE = "";
				VALID_ARCHS = "arm64 armv7s";
			};
			name = Debug;
		};
		03978F2C1A602B2D007793D6 /* Release */ = {
			isa = XCBuildConfiguration;
			buildSettings = {
				ASSETCATALOG_COMPILER_APPICON_NAME = AppIcon;
				BUNDLEID = com.humanify.EXPERTconnectDemo;
				CODE_SIGN_IDENTITY = "iPhone Distribution";
				"CODE_SIGN_IDENTITY[sdk=iphoneos*]" = "iPhone Distribution";
				ENABLE_BITCODE = NO;
				FRAMEWORK_SEARCH_PATHS = (
					"$(inherited)",
					"$(PROJECT_DIR)/../artifacts",
				);
				INFOPLIST_FILE = EXPERTconnectDemo/Info.plist;
				LD_NO_PIE = YES;
				LD_RUNPATH_SEARCH_PATHS = "$(inherited) @executable_path/Frameworks";
				OTHER_LDFLAGS = (
					"$(inherited)",
					"-ObjC",
					"-l\"c++\"",
					"-framework",
					"\"Foundation\"",
					"-framework",
					"\"QuartzCore\"",
					"-lc++",
				);
				PRODUCT_BUNDLE_IDENTIFIER = "$(BUNDLEID)";
				PRODUCT_NAME = "$(TARGET_NAME)";
				PROVISIONING_PROFILE = "";
				VALID_ARCHS = "arm64 armv7s";
			};
			name = Release;
		};
		03978F2E1A602B2D007793D6 /* Debug */ = {
			isa = XCBuildConfiguration;
			buildSettings = {
				BUNDLE_LOADER = "$(TEST_HOST)";
				CODE_SIGN_IDENTITY = "iPhone Developer";
				"CODE_SIGN_IDENTITY[sdk=iphoneos*]" = "iPhone Developer";
				FRAMEWORK_SEARCH_PATHS = "$(inherited)";
				GCC_PREPROCESSOR_DEFINITIONS = (
					"DEBUG=1",
					"$(inherited)",
				);
				INFOPLIST_FILE = EXPERTconnectDemoTests/Info.plist;
				LD_RUNPATH_SEARCH_PATHS = "$(inherited) @executable_path/Frameworks @loader_path/Frameworks";
				PRODUCT_BUNDLE_IDENTIFIER = com.humanify.EXPERTconnectDemo;
				PRODUCT_NAME = "$(TARGET_NAME)";
				PROVISIONING_PROFILE = "";
				TEST_HOST = "$(BUILT_PRODUCTS_DIR)/EXPERTconnectDemo.app/EXPERTconnectDemo";
			};
			name = Debug;
		};
		03978F2F1A602B2D007793D6 /* Release */ = {
			isa = XCBuildConfiguration;
			buildSettings = {
				BUNDLE_LOADER = "$(TEST_HOST)";
				CODE_SIGN_IDENTITY = "iPhone Developer";
				"CODE_SIGN_IDENTITY[sdk=iphoneos*]" = "iPhone Developer";
				FRAMEWORK_SEARCH_PATHS = "$(inherited)";
				INFOPLIST_FILE = EXPERTconnectDemoTests/Info.plist;
				LD_RUNPATH_SEARCH_PATHS = "$(inherited) @executable_path/Frameworks @loader_path/Frameworks";
				PRODUCT_BUNDLE_IDENTIFIER = com.humanify.EXPERTconnectDemo;
				PRODUCT_NAME = "$(TARGET_NAME)";
				PROVISIONING_PROFILE = "";
				TEST_HOST = "$(BUILT_PRODUCTS_DIR)/EXPERTconnectDemo.app/EXPERTconnectDemo";
			};
			name = Release;
		};
/* End XCBuildConfiguration section */

/* Begin XCConfigurationList section */
		03978F021A602B2D007793D6 /* Build configuration list for PBXProject "EXPERTconnectDemo" */ = {
			isa = XCConfigurationList;
			buildConfigurations = (
				03978F281A602B2D007793D6 /* Debug */,
				03978F291A602B2D007793D6 /* Release */,
			);
			defaultConfigurationIsVisible = 0;
			defaultConfigurationName = Release;
		};
		03978F2A1A602B2D007793D6 /* Build configuration list for PBXNativeTarget "EXPERTconnectDemo" */ = {
			isa = XCConfigurationList;
			buildConfigurations = (
				03978F2B1A602B2D007793D6 /* Debug */,
				03978F2C1A602B2D007793D6 /* Release */,
			);
			defaultConfigurationIsVisible = 0;
			defaultConfigurationName = Release;
		};
		03978F2D1A602B2D007793D6 /* Build configuration list for PBXNativeTarget "EXPERTconnectDemoTests" */ = {
			isa = XCConfigurationList;
			buildConfigurations = (
				03978F2E1A602B2D007793D6 /* Debug */,
				03978F2F1A602B2D007793D6 /* Release */,
			);
			defaultConfigurationIsVisible = 0;
			defaultConfigurationName = Release;
		};
/* End XCConfigurationList section */
	};
	rootObject = 03978EFF1A602B2D007793D6 /* Project object */;
}
