PODS:
  - AXRatingView (1.0.3)
  - Bugsnag (5.0.2):
    - KSCrash/Recording (~> 1.0.1)
    - KSCrash/Reporting (~> 1.0.1)
  - KSCrash/no-arc (1.0.1)
  - KSCrash/Recording (1.0.1):
    - KSCrash/no-arc
  - KSCrash/Reporting (1.0.1):
    - KSCrash/Recording
    - KSCrash/Reporting/Filters (= 1.0.1)
    - KSCrash/Reporting/MessageUI (= 1.0.1)
    - KSCrash/Reporting/Sinks (= 1.0.1)
    - KSCrash/Reporting/Tools (= 1.0.1)
  - KSCrash/Reporting/Filters (1.0.1):
    - KSCrash/Recording
    - KSCrash/Reporting/Filters/Alert (= 1.0.1)
    - KSCrash/Reporting/Filters/AppleFmt (= 1.0.1)
    - KSCrash/Reporting/Filters/Base (= 1.0.1)
    - KSCrash/Reporting/Filters/Basic (= 1.0.1)
    - KSCrash/Reporting/Filters/GZip (= 1.0.1)
    - KSCrash/Reporting/Filters/JSON (= 1.0.1)
    - KSCrash/Reporting/Filters/Sets (= 1.0.1)
  - KSCrash/Reporting/Filters/Alert (1.0.1):
    - KSCrash/Recording
    - KSCrash/Reporting/Filters/Base
  - KSCrash/Reporting/Filters/AppleFmt (1.0.1):
    - KSCrash/Recording
    - KSCrash/Reporting/Filters/Base
  - KSCrash/Reporting/Filters/Base (1.0.1):
    - KSCrash/Recording
  - KSCrash/Reporting/Filters/Basic (1.0.1):
    - KSCrash/Recording
    - KSCrash/Reporting/Filters/Base
  - KSCrash/Reporting/Filters/GZip (1.0.1):
    - KSCrash/Recording
    - KSCrash/Reporting/Filters/Base
  - KSCrash/Reporting/Filters/JSON (1.0.1):
    - KSCrash/Recording
    - KSCrash/Reporting/Filters/Base
  - KSCrash/Reporting/Filters/Sets (1.0.1):
    - KSCrash/Recording
    - KSCrash/Reporting/Filters/AppleFmt
    - KSCrash/Reporting/Filters/Base
    - KSCrash/Reporting/Filters/Basic
    - KSCrash/Reporting/Filters/GZip
    - KSCrash/Reporting/Filters/JSON
  - KSCrash/Reporting/MessageUI (1.0.1):
    - KSCrash/Recording
  - KSCrash/Reporting/Sinks (1.0.1):
    - KSCrash/Recording
    - KSCrash/Reporting/Filters
    - KSCrash/Reporting/Tools
  - KSCrash/Reporting/Tools (1.0.1):
    - KSCrash/Recording
  - MMDrawerController (0.6.0):
    - MMDrawerController/Core (= 0.6.0)
    - MMDrawerController/MMDrawerBarButtonItem (= 0.6.0)
    - MMDrawerController/MMDrawerVisualStates (= 0.6.0)
    - MMDrawerController/Subclass (= 0.6.0)
  - MMDrawerController/Core (0.6.0)
  - MMDrawerController/MMDrawerBarButtonItem (0.6.0):
    - MMDrawerController/Core
  - MMDrawerController/MMDrawerVisualStates (0.6.0):
    - MMDrawerController/Core
  - MMDrawerController/Subclass (0.6.0):
    - MMDrawerController/Core

DEPENDENCIES:
  - AXRatingView (~> 1.0)
  - Bugsnag (from `https://github.com/bugsnag/bugsnag-cocoa.git`)
  - MMDrawerController (~> 0.6)

EXTERNAL SOURCES:
  Bugsnag:
    :git: https://github.com/bugsnag/bugsnag-cocoa.git

CHECKOUT OPTIONS:
  Bugsnag:
    :commit: 57b1b63eb6f0241906a34aedd2dead776301f4b7
    :git: https://github.com/bugsnag/bugsnag-cocoa.git

SPEC CHECKSUMS:
  AXRatingView: ccaadc1bbda99a4b7e1d556059482d2b933a9f4e
  Bugsnag: ce15a727a2ed2d7922d746e0899a03fa1faa306b
  KSCrash: 0ce2e01085d4c4e4dc915ab4adf01d7628069570
  MMDrawerController: e3a54a5570388463ad3b36975251575b50c4e1a0

COCOAPODS: 0.39.0.beta.3
