PODS:
  - AXRatingView (1.0.3)
  - Bugsnag (4.0.7):
    - Bugsnag/no-arc (= 4.0.7)
  - Bugsnag/no-arc (4.0.7)
  - MMDrawerController (0.6.0):
    - MMDrawerController/Core (= 0.6.0)
    - MMDrawerController/MMDrawerBarButtonItem (= 0.6.0)
    - MMDrawerController/MMDrawerVisualStates (= 0.6.0)
    - MMDrawerController/Subclass (= 0.6.0)
  - MMDrawerController/Core (0.6.0)
  - MMDrawerController/MMDrawerBarButtonItem (0.6.0):
    - MMDrawerController/Core
  - MMDrawerController/MMDrawerVisualStates (0.6.0):
    - MMDrawerController/Core
  - MMDrawerController/Subclass (0.6.0):
    - MMDrawerController/Core

DEPENDENCIES:
  - AXRatingView (~> 1.0)
  - Bugsnag (from `https://github.com/bugsnag/bugsnag-cocoa.git`)
  - MMDrawerController (~> 0.6)

EXTERNAL SOURCES:
  Bugsnag:
    :git: https://github.com/bugsnag/bugsnag-cocoa.git

CHECKOUT OPTIONS:
  Bugsnag:
    :commit: 10842c8160496dec55cf8c4f4fb9729ac3e3ea97
    :git: https://github.com/bugsnag/bugsnag-cocoa.git

SPEC CHECKSUMS:
  AXRatingView: ccaadc1bbda99a4b7e1d556059482d2b933a9f4e
  Bugsnag: 5861d8519d30063abe7b3fcdcf4114a6dddab27a
  MMDrawerController: e3a54a5570388463ad3b36975251575b50c4e1a0

COCOAPODS: 0.38.2
