<?xml version="1.0" encoding="UTF-8"?>
<Scheme
   LastUpgradeVersion = "0810"
   version = "1.7">
   <BuildAction
      parallelizeBuildables = "YES"
      buildImplicitDependencies = "YES">
      <BuildActionEntries>
         <BuildActionEntry
            buildForTesting = "YES"
            buildForRunning = "YES"
            buildForProfiling = "YES"
            buildForArchiving = "YES"
            buildForAnalyzing = "YES">
            <BuildableReference
               BuildableIdentifier = "primary"
               BlueprintIdentifier = "03978EE11A602AEF007793D6"
               BuildableName = "EXPERTconnect.framework"
               BlueprintName = "EXPERTconnect"
               ReferencedContainer = "container:EXPERTconnect.xcodeproj">
            </BuildableReference>
         </BuildActionEntry>
         <BuildActionEntry
            buildForTesting = "YES"
            buildForRunning = "YES"
            buildForProfiling = "NO"
            buildForArchiving = "NO"
            buildForAnalyzing = "YES">
            <BuildableReference
               BuildableIdentifier = "primary"
               BlueprintIdentifier = "03978EEC1A602AEF007793D6"
               BuildableName = "EXPERTconnectTests.xctest"
               BlueprintName = "EXPERTconnectTests"
               ReferencedContainer = "container:EXPERTconnect.xcodeproj">
            </BuildableReference>
         </BuildActionEntry>
      </BuildActionEntries>
   </BuildAction>
   <TestAction
      buildConfiguration = "Debug"
      selectedDebuggerIdentifier = "Xcode.DebuggerFoundation.Debugger.LLDB"
      selectedLauncherIdentifier = "Xcode.DebuggerFoundation.Launcher.LLDB"
      shouldUseLaunchSchemeArgsEnv = "YES"
      codeCoverageEnabled = "YES">
      <Testables>
         <TestableReference
            skipped = "NO">
            <BuildableReference
               BuildableIdentifier = "primary"
               BlueprintIdentifier = "03978EEC1A602AEF007793D6"
               BuildableName = "EXPERTconnectTests.xctest"
               BlueprintName = "EXPERTconnectTests"
               ReferencedContainer = "container:EXPERTconnect.xcodeproj">
            </BuildableReference>
            <SkippedTests>
               <Test
                  Identifier = "ECS_API_Tests/testGetResponseFromEndpoint">
               </Test>
               <Test
                  Identifier = "ECS_API_Tests/testSetJourneyContext">
               </Test>
               <Test
                  Identifier = "ECS_API_Tests/testStartConversation">
               </Test>
               <Test
                  Identifier = "ECS_DceDev_Henry_Tests/testAstute">
               </Test>
               <Test
                  Identifier = "ECS_DceDev_Henry_Tests/testFrenchContent">
               </Test>
               <Test
                  Identifier = "EXPERTconnectTests/testSetJourneyContext">
               </Test>
            </SkippedTests>
            <LocationScenarioReference
               identifier = "com.apple.dt.IDEFoundation.CurrentLocationScenarioIdentifier"
               referenceType = "1">
            </LocationScenarioReference>
         </TestableReference>
      </Testables>
      <MacroExpansion>
         <BuildableReference
            BuildableIdentifier = "primary"
            BlueprintIdentifier = "03978EE11A602AEF007793D6"
            BuildableName = "EXPERTconnect.framework"
            BlueprintName = "EXPERTconnect"
            ReferencedContainer = "container:EXPERTconnect.xcodeproj">
         </BuildableReference>
      </MacroExpansion>
      <AdditionalOptions>
      </AdditionalOptions>
   </TestAction>
   <LaunchAction
      buildConfiguration = "Debug"
      selectedDebuggerIdentifier = "Xcode.DebuggerFoundation.Debugger.LLDB"
      selectedLauncherIdentifier = "Xcode.DebuggerFoundation.Launcher.LLDB"
      launchStyle = "0"
      useCustomWorkingDirectory = "NO"
      ignoresPersistentStateOnLaunch = "NO"
      debugDocumentVersioning = "YES"
      debugServiceExtension = "internal"
      allowLocationSimulation = "YES">
      <MacroExpansion>
         <BuildableReference
            BuildableIdentifier = "primary"
            BlueprintIdentifier = "03978EE11A602AEF007793D6"
            BuildableName = "EXPERTconnect.framework"
            BlueprintName = "EXPERTconnect"
            ReferencedContainer = "container:EXPERTconnect.xcodeproj">
         </BuildableReference>
      </MacroExpansion>
      <AdditionalOptions>
      </AdditionalOptions>
   </LaunchAction>
   <ProfileAction
      buildConfiguration = "Release"
      shouldUseLaunchSchemeArgsEnv = "YES"
      savedToolIdentifier = ""
      useCustomWorkingDirectory = "NO"
      debugDocumentVersioning = "YES">
      <MacroExpansion>
         <BuildableReference
            BuildableIdentifier = "primary"
            BlueprintIdentifier = "03978EE11A602AEF007793D6"
            BuildableName = "EXPERTconnect.framework"
            BlueprintName = "EXPERTconnect"
            ReferencedContainer = "container:EXPERTconnect.xcodeproj">
         </BuildableReference>
      </MacroExpansion>
   </ProfileAction>
   <AnalyzeAction
      buildConfiguration = "Debug">
   </AnalyzeAction>
   <ArchiveAction
      buildConfiguration = "Release"
      revealArchiveInOrganizer = "YES">
   </ArchiveAction>
</Scheme>
